
Microsoft Visual Studio Solution File, Format Version 9.00
# Visual Studio 2005
Project("{8BC9CEB8-8B4A-11D0-8D11-00A0C91BC942}") = "MZ3", "src\MZ3\MZ3.vcproj", "{E9AB75B4-EAC6-4E6C-99D7-0FD76EA0E79C}"
	ProjectSection(ProjectDependencies) = postProject
		{2D15C884-CA53-4B00-9854-A51ED9FF9FB2} = {2D15C884-CA53-4B00-9854-A51ED9FF9FB2}
		{36F52FEA-A842-4815-B438-2FCE1CB634DC} = {36F52FEA-A842-4815-B438-2FCE1CB634DC}
	EndProjectSection
EndProject
Project("{B900F1C2-3D47-4FEC-85B3-04AAF18C3634}") = "MZ3cab", "src\MZ3cab\MZ3cab.vddproj", "{1F943333-1B8B-4111-97DE-72FB9135296C}"
	ProjectSection(ProjectDependencies) = postProject
		{2D15C884-CA53-4B00-9854-A51ED9FF9FB2} = {2D15C884-CA53-4B00-9854-A51ED9FF9FB2}
	EndProjectSection
EndProject
Project("{8BC9CEB8-8B4A-11D0-8D11-00A0C91BC942}") = "MZ3Test", "src\MZ3Test\MZ3Test.vcproj", "{EBEE77FF-E4F1-47F3-9CD5-C0F0D0135B3E}"
EndProject
Project("{8BC9CEB8-8B4A-11D0-8D11-00A0C91BC942}") = "MZ3GroupFileEditor", "src\MZ3GroupFileEditor\MZ3GroupFileEditor.vcproj", "{F1936F3D-29BB-4FE3-BD77-8F98F3D623F1}"
EndProject
Project("{8BC9CEB8-8B4A-11D0-8D11-00A0C91BC942}") = "lua", "src\lua\lua.vcproj", "{2D15C884-CA53-4B00-9854-A51ED9FF9FB2}"
EndProject
Project("{8BC9CEB8-8B4A-11D0-8D11-00A0C91BC942}") = "MZ3HookDLL", "src\MZ3HookDLL\MZ3HookDLL.vcproj", "{36F52FEA-A842-4815-B438-2FCE1CB634DC}"
EndProject
Global
	GlobalSection(SolutionConfigurationPlatforms) = preSolution
		Debug_Win32|Mixed Platforms = Debug_Win32|Mixed Platforms
		Debug_Win32|Win32 = Debug_Win32|Win32
		Debug_Win32|Windows Mobile 5.0 Pocket PC SDK (ARMV4I) = Debug_Win32|Windows Mobile 5.0 Pocket PC SDK (ARMV4I)
		Debug_Win32|Windows Mobile 6 Standard SDK (ARMV4I) = Debug_Win32|Windows Mobile 6 Standard SDK (ARMV4I)
		Debug_WM|Mixed Platforms = Debug_WM|Mixed Platforms
		Debug_WM|Win32 = Debug_WM|Win32
		Debug_WM|Windows Mobile 5.0 Pocket PC SDK (ARMV4I) = Debug_WM|Windows Mobile 5.0 Pocket PC SDK (ARMV4I)
		Debug_WM|Windows Mobile 6 Standard SDK (ARMV4I) = Debug_WM|Windows Mobile 6 Standard SDK (ARMV4I)
		Debug_WM6Standard|Mixed Platforms = Debug_WM6Standard|Mixed Platforms
		Debug_WM6Standard|Win32 = Debug_WM6Standard|Win32
		Debug_WM6Standard|Windows Mobile 5.0 Pocket PC SDK (ARMV4I) = Debug_WM6Standard|Windows Mobile 5.0 Pocket PC SDK (ARMV4I)
		Debug_WM6Standard|Windows Mobile 6 Standard SDK (ARMV4I) = Debug_WM6Standard|Windows Mobile 6 Standard SDK (ARMV4I)
		Release_Win32_c|Mixed Platforms = Release_Win32_c|Mixed Platforms
		Release_Win32_c|Win32 = Release_Win32_c|Win32
		Release_Win32_c|Windows Mobile 5.0 Pocket PC SDK (ARMV4I) = Release_Win32_c|Windows Mobile 5.0 Pocket PC SDK (ARMV4I)
		Release_Win32_c|Windows Mobile 6 Standard SDK (ARMV4I) = Release_Win32_c|Windows Mobile 6 Standard SDK (ARMV4I)
		Release_Win32|Mixed Platforms = Release_Win32|Mixed Platforms
		Release_Win32|Win32 = Release_Win32|Win32
		Release_Win32|Windows Mobile 5.0 Pocket PC SDK (ARMV4I) = Release_Win32|Windows Mobile 5.0 Pocket PC SDK (ARMV4I)
		Release_Win32|Windows Mobile 6 Standard SDK (ARMV4I) = Release_Win32|Windows Mobile 6 Standard SDK (ARMV4I)
		Release_WM|Mixed Platforms = Release_WM|Mixed Platforms
		Release_WM|Win32 = Release_WM|Win32
		Release_WM|Windows Mobile 5.0 Pocket PC SDK (ARMV4I) = Release_WM|Windows Mobile 5.0 Pocket PC SDK (ARMV4I)
		Release_WM|Windows Mobile 6 Standard SDK (ARMV4I) = Release_WM|Windows Mobile 6 Standard SDK (ARMV4I)
		Release_WM6Standard|Mixed Platforms = Release_WM6Standard|Mixed Platforms
		Release_WM6Standard|Win32 = Release_WM6Standard|Win32
		Release_WM6Standard|Windows Mobile 5.0 Pocket PC SDK (ARMV4I) = Release_WM6Standard|Windows Mobile 5.0 Pocket PC SDK (ARMV4I)
		Release_WM6Standard|Windows Mobile 6 Standard SDK (ARMV4I) = Release_WM6Standard|Windows Mobile 6 Standard SDK (ARMV4I)
	EndGlobalSection
	GlobalSection(ProjectConfigurationPlatforms) = postSolution
		{E9AB75B4-EAC6-4E6C-99D7-0FD76EA0E79C}.Debug_Win32|Mixed Platforms.ActiveCfg = Debug|Win32
		{E9AB75B4-EAC6-4E6C-99D7-0FD76EA0E79C}.Debug_Win32|Mixed Platforms.Build.0 = Debug|Win32
		{E9AB75B4-EAC6-4E6C-99D7-0FD76EA0E79C}.Debug_Win32|Mixed Platforms.Deploy.0 = Debug|Win32
		{E9AB75B4-EAC6-4E6C-99D7-0FD76EA0E79C}.Debug_Win32|Win32.ActiveCfg = Debug|Windows Mobile 6 Standard SDK (ARMV4I)
		{E9AB75B4-EAC6-4E6C-99D7-0FD76EA0E79C}.Debug_Win32|Windows Mobile 5.0 Pocket PC SDK (ARMV4I).ActiveCfg = Debug|Windows Mobile 6 Standard SDK (ARMV4I)
		{E9AB75B4-EAC6-4E6C-99D7-0FD76EA0E79C}.Debug_Win32|Windows Mobile 6 Standard SDK (ARMV4I).ActiveCfg = Debug|Windows Mobile 6 Standard SDK (ARMV4I)
		{E9AB75B4-EAC6-4E6C-99D7-0FD76EA0E79C}.Debug_Win32|Windows Mobile 6 Standard SDK (ARMV4I).Build.0 = Debug|Windows Mobile 6 Standard SDK (ARMV4I)
		{E9AB75B4-EAC6-4E6C-99D7-0FD76EA0E79C}.Debug_Win32|Windows Mobile 6 Standard SDK (ARMV4I).Deploy.0 = Debug|Windows Mobile 6 Standard SDK (ARMV4I)
		{E9AB75B4-EAC6-4E6C-99D7-0FD76EA0E79C}.Debug_WM|Mixed Platforms.ActiveCfg = Debug|Windows Mobile 5.0 Pocket PC SDK (ARMV4I)
		{E9AB75B4-EAC6-4E6C-99D7-0FD76EA0E79C}.Debug_WM|Mixed Platforms.Build.0 = Debug|Windows Mobile 5.0 Pocket PC SDK (ARMV4I)
		{E9AB75B4-EAC6-4E6C-99D7-0FD76EA0E79C}.Debug_WM|Mixed Platforms.Deploy.0 = Debug|Windows Mobile 5.0 Pocket PC SDK (ARMV4I)
		{E9AB75B4-EAC6-4E6C-99D7-0FD76EA0E79C}.Debug_WM|Win32.ActiveCfg = Debug|Windows Mobile 6 Standard SDK (ARMV4I)
		{E9AB75B4-EAC6-4E6C-99D7-0FD76EA0E79C}.Debug_WM|Windows Mobile 5.0 Pocket PC SDK (ARMV4I).ActiveCfg = Debug|Windows Mobile 6 Standard SDK (ARMV4I)
		{E9AB75B4-EAC6-4E6C-99D7-0FD76EA0E79C}.Debug_WM|Windows Mobile 6 Standard SDK (ARMV4I).ActiveCfg = Debug|Windows Mobile 6 Standard SDK (ARMV4I)
		{E9AB75B4-EAC6-4E6C-99D7-0FD76EA0E79C}.Debug_WM|Windows Mobile 6 Standard SDK (ARMV4I).Build.0 = Debug|Windows Mobile 6 Standard SDK (ARMV4I)
		{E9AB75B4-EAC6-4E6C-99D7-0FD76EA0E79C}.Debug_WM|Windows Mobile 6 Standard SDK (ARMV4I).Deploy.0 = Debug|Windows Mobile 6 Standard SDK (ARMV4I)
		{E9AB75B4-EAC6-4E6C-99D7-0FD76EA0E79C}.Debug_WM6Standard|Mixed Platforms.ActiveCfg = Debug|Windows Mobile 6 Standard SDK (ARMV4I)
		{E9AB75B4-EAC6-4E6C-99D7-0FD76EA0E79C}.Debug_WM6Standard|Mixed Platforms.Build.0 = Debug|Windows Mobile 6 Standard SDK (ARMV4I)
		{E9AB75B4-EAC6-4E6C-99D7-0FD76EA0E79C}.Debug_WM6Standard|Mixed Platforms.Deploy.0 = Debug|Windows Mobile 6 Standard SDK (ARMV4I)
		{E9AB75B4-EAC6-4E6C-99D7-0FD76EA0E79C}.Debug_WM6Standard|Win32.ActiveCfg = Debug|Windows Mobile 6 Standard SDK (ARMV4I)
		{E9AB75B4-EAC6-4E6C-99D7-0FD76EA0E79C}.Debug_WM6Standard|Windows Mobile 5.0 Pocket PC SDK (ARMV4I).ActiveCfg = Debug|Windows Mobile 6 Standard SDK (ARMV4I)
		{E9AB75B4-EAC6-4E6C-99D7-0FD76EA0E79C}.Debug_WM6Standard|Windows Mobile 6 Standard SDK (ARMV4I).ActiveCfg = Debug|Windows Mobile 6 Standard SDK (ARMV4I)
		{E9AB75B4-EAC6-4E6C-99D7-0FD76EA0E79C}.Debug_WM6Standard|Windows Mobile 6 Standard SDK (ARMV4I).Build.0 = Debug|Windows Mobile 6 Standard SDK (ARMV4I)
		{E9AB75B4-EAC6-4E6C-99D7-0FD76EA0E79C}.Debug_WM6Standard|Windows Mobile 6 Standard SDK (ARMV4I).Deploy.0 = Debug|Windows Mobile 6 Standard SDK (ARMV4I)
		{E9AB75B4-EAC6-4E6C-99D7-0FD76EA0E79C}.Release_Win32_c|Mixed Platforms.ActiveCfg = Release_Win32_c|Win32
		{E9AB75B4-EAC6-4E6C-99D7-0FD76EA0E79C}.Release_Win32_c|Mixed Platforms.Build.0 = Release_Win32_c|Win32
		{E9AB75B4-EAC6-4E6C-99D7-0FD76EA0E79C}.Release_Win32_c|Mixed Platforms.Deploy.0 = Release_Win32_c|Win32
		{E9AB75B4-EAC6-4E6C-99D7-0FD76EA0E79C}.Release_Win32_c|Win32.ActiveCfg = Release_Win32_c|Win32
		{E9AB75B4-EAC6-4E6C-99D7-0FD76EA0E79C}.Release_Win32_c|Win32.Build.0 = Release_Win32_c|Win32
		{E9AB75B4-EAC6-4E6C-99D7-0FD76EA0E79C}.Release_Win32_c|Windows Mobile 5.0 Pocket PC SDK (ARMV4I).ActiveCfg = Release_Win32_c|Windows Mobile 5.0 Pocket PC SDK (ARMV4I)
		{E9AB75B4-EAC6-4E6C-99D7-0FD76EA0E79C}.Release_Win32_c|Windows Mobile 5.0 Pocket PC SDK (ARMV4I).Build.0 = Release_Win32_c|Windows Mobile 5.0 Pocket PC SDK (ARMV4I)
		{E9AB75B4-EAC6-4E6C-99D7-0FD76EA0E79C}.Release_Win32_c|Windows Mobile 5.0 Pocket PC SDK (ARMV4I).Deploy.0 = Release_Win32_c|Windows Mobile 5.0 Pocket PC SDK (ARMV4I)
		{E9AB75B4-EAC6-4E6C-99D7-0FD76EA0E79C}.Release_Win32_c|Windows Mobile 6 Standard SDK (ARMV4I).ActiveCfg = Release_Win32_c|Windows Mobile 6 Standard SDK (ARMV4I)
		{E9AB75B4-EAC6-4E6C-99D7-0FD76EA0E79C}.Release_Win32_c|Windows Mobile 6 Standard SDK (ARMV4I).Build.0 = Release_Win32_c|Windows Mobile 6 Standard SDK (ARMV4I)
		{E9AB75B4-EAC6-4E6C-99D7-0FD76EA0E79C}.Release_Win32_c|Windows Mobile 6 Standard SDK (ARMV4I).Deploy.0 = Release_Win32_c|Windows Mobile 6 Standard SDK (ARMV4I)
		{E9AB75B4-EAC6-4E6C-99D7-0FD76EA0E79C}.Release_Win32|Mixed Platforms.ActiveCfg = Release|Win32
		{E9AB75B4-EAC6-4E6C-99D7-0FD76EA0E79C}.Release_Win32|Mixed Platforms.Build.0 = Release|Win32
		{E9AB75B4-EAC6-4E6C-99D7-0FD76EA0E79C}.Release_Win32|Mixed Platforms.Deploy.0 = Release|Win32
		{E9AB75B4-EAC6-4E6C-99D7-0FD76EA0E79C}.Release_Win32|Win32.ActiveCfg = Release_Win32_c|Windows Mobile 6 Standard SDK (ARMV4I)
		{E9AB75B4-EAC6-4E6C-99D7-0FD76EA0E79C}.Release_Win32|Windows Mobile 5.0 Pocket PC SDK (ARMV4I).ActiveCfg = Release_Win32_c|Windows Mobile 6 Standard SDK (ARMV4I)
		{E9AB75B4-EAC6-4E6C-99D7-0FD76EA0E79C}.Release_Win32|Windows Mobile 6 Standard SDK (ARMV4I).ActiveCfg = Release_Win32_c|Windows Mobile 6 Standard SDK (ARMV4I)
		{E9AB75B4-EAC6-4E6C-99D7-0FD76EA0E79C}.Release_Win32|Windows Mobile 6 Standard SDK (ARMV4I).Build.0 = Release_Win32_c|Windows Mobile 6 Standard SDK (ARMV4I)
		{E9AB75B4-EAC6-4E6C-99D7-0FD76EA0E79C}.Release_Win32|Windows Mobile 6 Standard SDK (ARMV4I).Deploy.0 = Release_Win32_c|Windows Mobile 6 Standard SDK (ARMV4I)
		{E9AB75B4-EAC6-4E6C-99D7-0FD76EA0E79C}.Release_WM|Mixed Platforms.ActiveCfg = Release|Windows Mobile 5.0 Pocket PC SDK (ARMV4I)
		{E9AB75B4-EAC6-4E6C-99D7-0FD76EA0E79C}.Release_WM|Mixed Platforms.Build.0 = Release|Windows Mobile 5.0 Pocket PC SDK (ARMV4I)
		{E9AB75B4-EAC6-4E6C-99D7-0FD76EA0E79C}.Release_WM|Mixed Platforms.Deploy.0 = Release|Windows Mobile 5.0 Pocket PC SDK (ARMV4I)
		{E9AB75B4-EAC6-4E6C-99D7-0FD76EA0E79C}.Release_WM|Win32.ActiveCfg = Release_Win32_c|Windows Mobile 6 Standard SDK (ARMV4I)
		{E9AB75B4-EAC6-4E6C-99D7-0FD76EA0E79C}.Release_WM|Windows Mobile 5.0 Pocket PC SDK (ARMV4I).ActiveCfg = Release_Win32_c|Windows Mobile 6 Standard SDK (ARMV4I)
		{E9AB75B4-EAC6-4E6C-99D7-0FD76EA0E79C}.Release_WM|Windows Mobile 6 Standard SDK (ARMV4I).ActiveCfg = Release_Win32_c|Windows Mobile 6 Standard SDK (ARMV4I)
		{E9AB75B4-EAC6-4E6C-99D7-0FD76EA0E79C}.Release_WM|Windows Mobile 6 Standard SDK (ARMV4I).Build.0 = Release_Win32_c|Windows Mobile 6 Standard SDK (ARMV4I)
		{E9AB75B4-EAC6-4E6C-99D7-0FD76EA0E79C}.Release_WM|Windows Mobile 6 Standard SDK (ARMV4I).Deploy.0 = Release_Win32_c|Windows Mobile 6 Standard SDK (ARMV4I)
		{E9AB75B4-EAC6-4E6C-99D7-0FD76EA0E79C}.Release_WM6Standard|Mixed Platforms.ActiveCfg = Release|Windows Mobile 6 Standard SDK (ARMV4I)
		{E9AB75B4-EAC6-4E6C-99D7-0FD76EA0E79C}.Release_WM6Standard|Mixed Platforms.Build.0 = Release|Windows Mobile 6 Standard SDK (ARMV4I)
		{E9AB75B4-EAC6-4E6C-99D7-0FD76EA0E79C}.Release_WM6Standard|Mixed Platforms.Deploy.0 = Release|Windows Mobile 6 Standard SDK (ARMV4I)
		{E9AB75B4-EAC6-4E6C-99D7-0FD76EA0E79C}.Release_WM6Standard|Win32.ActiveCfg = Release_Win32_c|Windows Mobile 6 Standard SDK (ARMV4I)
		{E9AB75B4-EAC6-4E6C-99D7-0FD76EA0E79C}.Release_WM6Standard|Windows Mobile 5.0 Pocket PC SDK (ARMV4I).ActiveCfg = Release_Win32_c|Windows Mobile 6 Standard SDK (ARMV4I)
		{E9AB75B4-EAC6-4E6C-99D7-0FD76EA0E79C}.Release_WM6Standard|Windows Mobile 6 Standard SDK (ARMV4I).ActiveCfg = Release_Win32_c|Windows Mobile 6 Standard SDK (ARMV4I)
		{E9AB75B4-EAC6-4E6C-99D7-0FD76EA0E79C}.Release_WM6Standard|Windows Mobile 6 Standard SDK (ARMV4I).Build.0 = Release_Win32_c|Windows Mobile 6 Standard SDK (ARMV4I)
		{E9AB75B4-EAC6-4E6C-99D7-0FD76EA0E79C}.Release_WM6Standard|Windows Mobile 6 Standard SDK (ARMV4I).Deploy.0 = Release_Win32_c|Windows Mobile 6 Standard SDK (ARMV4I)
		{1F943333-1B8B-4111-97DE-72FB9135296C}.Debug_Win32|Mixed Platforms.ActiveCfg = Debug
		{1F943333-1B8B-4111-97DE-72FB9135296C}.Debug_Win32|Win32.ActiveCfg = Debug
		{1F943333-1B8B-4111-97DE-72FB9135296C}.Debug_Win32|Win32.Build.0 = Debug
		{1F943333-1B8B-4111-97DE-72FB9135296C}.Debug_Win32|Windows Mobile 5.0 Pocket PC SDK (ARMV4I).ActiveCfg = Debug
		{1F943333-1B8B-4111-97DE-72FB9135296C}.Debug_Win32|Windows Mobile 5.0 Pocket PC SDK (ARMV4I).Build.0 = Debug
		{1F943333-1B8B-4111-97DE-72FB9135296C}.Debug_Win32|Windows Mobile 6 Standard SDK (ARMV4I).ActiveCfg = Debug
		{1F943333-1B8B-4111-97DE-72FB9135296C}.Debug_Win32|Windows Mobile 6 Standard SDK (ARMV4I).Build.0 = Debug
		{1F943333-1B8B-4111-97DE-72FB9135296C}.Debug_WM|Mixed Platforms.ActiveCfg = Debug
		{1F943333-1B8B-4111-97DE-72FB9135296C}.Debug_WM|Mixed Platforms.Build.0 = Debug
		{1F943333-1B8B-4111-97DE-72FB9135296C}.Debug_WM|Win32.ActiveCfg = Debug
		{1F943333-1B8B-4111-97DE-72FB9135296C}.Debug_WM|Win32.Build.0 = Debug
		{1F943333-1B8B-4111-97DE-72FB9135296C}.Debug_WM|Windows Mobile 5.0 Pocket PC SDK (ARMV4I).ActiveCfg = Debug
		{1F943333-1B8B-4111-97DE-72FB9135296C}.Debug_WM|Windows Mobile 5.0 Pocket PC SDK (ARMV4I).Build.0 = Debug
		{1F943333-1B8B-4111-97DE-72FB9135296C}.Debug_WM|Windows Mobile 6 Standard SDK (ARMV4I).ActiveCfg = Debug
		{1F943333-1B8B-4111-97DE-72FB9135296C}.Debug_WM|Windows Mobile 6 Standard SDK (ARMV4I).Build.0 = Debug
		{1F943333-1B8B-4111-97DE-72FB9135296C}.Debug_WM6Standard|Mixed Platforms.ActiveCfg = Debug
		{1F943333-1B8B-4111-97DE-72FB9135296C}.Debug_WM6Standard|Win32.ActiveCfg = Debug
		{1F943333-1B8B-4111-97DE-72FB9135296C}.Debug_WM6Standard|Win32.Build.0 = Debug
		{1F943333-1B8B-4111-97DE-72FB9135296C}.Debug_WM6Standard|Windows Mobile 5.0 Pocket PC SDK (ARMV4I).ActiveCfg = Debug
		{1F943333-1B8B-4111-97DE-72FB9135296C}.Debug_WM6Standard|Windows Mobile 5.0 Pocket PC SDK (ARMV4I).Build.0 = Debug
		{1F943333-1B8B-4111-97DE-72FB9135296C}.Debug_WM6Standard|Windows Mobile 6 Standard SDK (ARMV4I).ActiveCfg = Debug
		{1F943333-1B8B-4111-97DE-72FB9135296C}.Debug_WM6Standard|Windows Mobile 6 Standard SDK (ARMV4I).Build.0 = Debug
		{1F943333-1B8B-4111-97DE-72FB9135296C}.Release_Win32_c|Mixed Platforms.ActiveCfg = Release
		{1F943333-1B8B-4111-97DE-72FB9135296C}.Release_Win32_c|Win32.ActiveCfg = Release
		{1F943333-1B8B-4111-97DE-72FB9135296C}.Release_Win32_c|Win32.Build.0 = Release
		{1F943333-1B8B-4111-97DE-72FB9135296C}.Release_Win32_c|Windows Mobile 5.0 Pocket PC SDK (ARMV4I).ActiveCfg = Release
		{1F943333-1B8B-4111-97DE-72FB9135296C}.Release_Win32_c|Windows Mobile 5.0 Pocket PC SDK (ARMV4I).Build.0 = Release
		{1F943333-1B8B-4111-97DE-72FB9135296C}.Release_Win32_c|Windows Mobile 6 Standard SDK (ARMV4I).ActiveCfg = Release
		{1F943333-1B8B-4111-97DE-72FB9135296C}.Release_Win32_c|Windows Mobile 6 Standard SDK (ARMV4I).Build.0 = Release
		{1F943333-1B8B-4111-97DE-72FB9135296C}.Release_Win32|Mixed Platforms.ActiveCfg = Release
		{1F943333-1B8B-4111-97DE-72FB9135296C}.Release_Win32|Win32.ActiveCfg = Release
		{1F943333-1B8B-4111-97DE-72FB9135296C}.Release_Win32|Win32.Build.0 = Release
		{1F943333-1B8B-4111-97DE-72FB9135296C}.Release_Win32|Windows Mobile 5.0 Pocket PC SDK (ARMV4I).ActiveCfg = Release
		{1F943333-1B8B-4111-97DE-72FB9135296C}.Release_Win32|Windows Mobile 5.0 Pocket PC SDK (ARMV4I).Build.0 = Release
		{1F943333-1B8B-4111-97DE-72FB9135296C}.Release_Win32|Windows Mobile 6 Standard SDK (ARMV4I).ActiveCfg = Release
		{1F943333-1B8B-4111-97DE-72FB9135296C}.Release_Win32|Windows Mobile 6 Standard SDK (ARMV4I).Build.0 = Release
		{1F943333-1B8B-4111-97DE-72FB9135296C}.Release_WM|Mixed Platforms.ActiveCfg = Release
		{1F943333-1B8B-4111-97DE-72FB9135296C}.Release_WM|Mixed Platforms.Build.0 = Release
		{1F943333-1B8B-4111-97DE-72FB9135296C}.Release_WM|Win32.ActiveCfg = Release
		{1F943333-1B8B-4111-97DE-72FB9135296C}.Release_WM|Win32.Build.0 = Release
		{1F943333-1B8B-4111-97DE-72FB9135296C}.Release_WM|Windows Mobile 5.0 Pocket PC SDK (ARMV4I).ActiveCfg = Release
		{1F943333-1B8B-4111-97DE-72FB9135296C}.Release_WM|Windows Mobile 5.0 Pocket PC SDK (ARMV4I).Build.0 = Release
		{1F943333-1B8B-4111-97DE-72FB9135296C}.Release_WM|Windows Mobile 6 Standard SDK (ARMV4I).ActiveCfg = Release
		{1F943333-1B8B-4111-97DE-72FB9135296C}.Release_WM|Windows Mobile 6 Standard SDK (ARMV4I).Build.0 = Release
		{1F943333-1B8B-4111-97DE-72FB9135296C}.Release_WM6Standard|Mixed Platforms.ActiveCfg = Release
		{1F943333-1B8B-4111-97DE-72FB9135296C}.Release_WM6Standard|Win32.ActiveCfg = Release
		{1F943333-1B8B-4111-97DE-72FB9135296C}.Release_WM6Standard|Win32.Build.0 = Release
		{1F943333-1B8B-4111-97DE-72FB9135296C}.Release_WM6Standard|Windows Mobile 5.0 Pocket PC SDK (ARMV4I).ActiveCfg = Release
		{1F943333-1B8B-4111-97DE-72FB9135296C}.Release_WM6Standard|Windows Mobile 5.0 Pocket PC SDK (ARMV4I).Build.0 = Release
		{1F943333-1B8B-4111-97DE-72FB9135296C}.Release_WM6Standard|Windows Mobile 6 Standard SDK (ARMV4I).ActiveCfg = Release
		{1F943333-1B8B-4111-97DE-72FB9135296C}.Release_WM6Standard|Windows Mobile 6 Standard SDK (ARMV4I).Build.0 = Release
		{EBEE77FF-E4F1-47F3-9CD5-C0F0D0135B3E}.Debug_Win32|Mixed Platforms.ActiveCfg = Debug|Win32
		{EBEE77FF-E4F1-47F3-9CD5-C0F0D0135B3E}.Debug_Win32|Win32.ActiveCfg = Debug|Win32
		{EBEE77FF-E4F1-47F3-9CD5-C0F0D0135B3E}.Debug_Win32|Win32.Build.0 = Debug|Win32
		{EBEE77FF-E4F1-47F3-9CD5-C0F0D0135B3E}.Debug_Win32|Windows Mobile 5.0 Pocket PC SDK (ARMV4I).ActiveCfg = Debug|Win32
		{EBEE77FF-E4F1-47F3-9CD5-C0F0D0135B3E}.Debug_Win32|Windows Mobile 6 Standard SDK (ARMV4I).ActiveCfg = Debug|Win32
		{EBEE77FF-E4F1-47F3-9CD5-C0F0D0135B3E}.Debug_WM|Mixed Platforms.ActiveCfg = Debug|Win32
		{EBEE77FF-E4F1-47F3-9CD5-C0F0D0135B3E}.Debug_WM|Win32.ActiveCfg = Release|Win32
		{EBEE77FF-E4F1-47F3-9CD5-C0F0D0135B3E}.Debug_WM|Win32.Build.0 = Release|Win32
		{EBEE77FF-E4F1-47F3-9CD5-C0F0D0135B3E}.Debug_WM|Windows Mobile 5.0 Pocket PC SDK (ARMV4I).ActiveCfg = Debug|Win32
		{EBEE77FF-E4F1-47F3-9CD5-C0F0D0135B3E}.Debug_WM|Windows Mobile 6 Standard SDK (ARMV4I).ActiveCfg = Debug|Win32
		{EBEE77FF-E4F1-47F3-9CD5-C0F0D0135B3E}.Debug_WM6Standard|Mixed Platforms.ActiveCfg = Release|Win32
		{EBEE77FF-E4F1-47F3-9CD5-C0F0D0135B3E}.Debug_WM6Standard|Win32.ActiveCfg = Debug|Win32
		{EBEE77FF-E4F1-47F3-9CD5-C0F0D0135B3E}.Debug_WM6Standard|Win32.Build.0 = Debug|Win32
		{EBEE77FF-E4F1-47F3-9CD5-C0F0D0135B3E}.Debug_WM6Standard|Windows Mobile 5.0 Pocket PC SDK (ARMV4I).ActiveCfg = Debug|Win32
		{EBEE77FF-E4F1-47F3-9CD5-C0F0D0135B3E}.Debug_WM6Standard|Windows Mobile 6 Standard SDK (ARMV4I).ActiveCfg = Debug|Win32
		{EBEE77FF-E4F1-47F3-9CD5-C0F0D0135B3E}.Release_Win32_c|Mixed Platforms.ActiveCfg = Release|Win32
		{EBEE77FF-E4F1-47F3-9CD5-C0F0D0135B3E}.Release_Win32_c|Win32.ActiveCfg = Release|Win32
		{EBEE77FF-E4F1-47F3-9CD5-C0F0D0135B3E}.Release_Win32_c|Win32.Build.0 = Release|Win32
		{EBEE77FF-E4F1-47F3-9CD5-C0F0D0135B3E}.Release_Win32_c|Windows Mobile 5.0 Pocket PC SDK (ARMV4I).ActiveCfg = Release|Win32
		{EBEE77FF-E4F1-47F3-9CD5-C0F0D0135B3E}.Release_Win32_c|Windows Mobile 6 Standard SDK (ARMV4I).ActiveCfg = Release|Win32
		{EBEE77FF-E4F1-47F3-9CD5-C0F0D0135B3E}.Release_Win32|Mixed Platforms.ActiveCfg = Release|Win32
		{EBEE77FF-E4F1-47F3-9CD5-C0F0D0135B3E}.Release_Win32|Mixed Platforms.Build.0 = Release|Win32
		{EBEE77FF-E4F1-47F3-9CD5-C0F0D0135B3E}.Release_Win32|Win32.ActiveCfg = Release|Win32
		{EBEE77FF-E4F1-47F3-9CD5-C0F0D0135B3E}.Release_Win32|Win32.Build.0 = Release|Win32
		{EBEE77FF-E4F1-47F3-9CD5-C0F0D0135B3E}.Release_Win32|Windows Mobile 5.0 Pocket PC SDK (ARMV4I).ActiveCfg = Release|Win32
		{EBEE77FF-E4F1-47F3-9CD5-C0F0D0135B3E}.Release_Win32|Windows Mobile 6 Standard SDK (ARMV4I).ActiveCfg = Release|Win32
		{EBEE77FF-E4F1-47F3-9CD5-C0F0D0135B3E}.Release_WM|Mixed Platforms.ActiveCfg = Release|Win32
		{EBEE77FF-E4F1-47F3-9CD5-C0F0D0135B3E}.Release_WM|Win32.ActiveCfg = Release|Win32
		{EBEE77FF-E4F1-47F3-9CD5-C0F0D0135B3E}.Release_WM|Win32.Build.0 = Release|Win32
		{EBEE77FF-E4F1-47F3-9CD5-C0F0D0135B3E}.Release_WM|Windows Mobile 5.0 Pocket PC SDK (ARMV4I).ActiveCfg = Release|Win32
		{EBEE77FF-E4F1-47F3-9CD5-C0F0D0135B3E}.Release_WM|Windows Mobile 6 Standard SDK (ARMV4I).ActiveCfg = Release|Win32
		{EBEE77FF-E4F1-47F3-9CD5-C0F0D0135B3E}.Release_WM6Standard|Mixed Platforms.ActiveCfg = Release|Win32
		{EBEE77FF-E4F1-47F3-9CD5-C0F0D0135B3E}.Release_WM6Standard|Win32.ActiveCfg = Release|Win32
		{EBEE77FF-E4F1-47F3-9CD5-C0F0D0135B3E}.Release_WM6Standard|Win32.Build.0 = Release|Win32
		{EBEE77FF-E4F1-47F3-9CD5-C0F0D0135B3E}.Release_WM6Standard|Windows Mobile 5.0 Pocket PC SDK (ARMV4I).ActiveCfg = Release|Win32
		{EBEE77FF-E4F1-47F3-9CD5-C0F0D0135B3E}.Release_WM6Standard|Windows Mobile 6 Standard SDK (ARMV4I).ActiveCfg = Release|Win32
		{F1936F3D-29BB-4FE3-BD77-8F98F3D623F1}.Debug_Win32|Mixed Platforms.ActiveCfg = Debug|Win32
		{F1936F3D-29BB-4FE3-BD77-8F98F3D623F1}.Debug_Win32|Win32.ActiveCfg = Debug|Win32
		{F1936F3D-29BB-4FE3-BD77-8F98F3D623F1}.Debug_Win32|Win32.Build.0 = Debug|Win32
		{F1936F3D-29BB-4FE3-BD77-8F98F3D623F1}.Debug_Win32|Windows Mobile 5.0 Pocket PC SDK (ARMV4I).ActiveCfg = Debug|Win32
		{F1936F3D-29BB-4FE3-BD77-8F98F3D623F1}.Debug_Win32|Windows Mobile 6 Standard SDK (ARMV4I).ActiveCfg = Debug|Win32
		{F1936F3D-29BB-4FE3-BD77-8F98F3D623F1}.Debug_WM|Mixed Platforms.ActiveCfg = Debug|Win32
		{F1936F3D-29BB-4FE3-BD77-8F98F3D623F1}.Debug_WM|Win32.ActiveCfg = Debug|Win32
		{F1936F3D-29BB-4FE3-BD77-8F98F3D623F1}.Debug_WM|Win32.Build.0 = Debug|Win32
		{F1936F3D-29BB-4FE3-BD77-8F98F3D623F1}.Debug_WM|Windows Mobile 5.0 Pocket PC SDK (ARMV4I).ActiveCfg = Debug|Win32
		{F1936F3D-29BB-4FE3-BD77-8F98F3D623F1}.Debug_WM|Windows Mobile 6 Standard SDK (ARMV4I).ActiveCfg = Debug|Win32
		{F1936F3D-29BB-4FE3-BD77-8F98F3D623F1}.Debug_WM6Standard|Mixed Platforms.ActiveCfg = Debug|Win32
		{F1936F3D-29BB-4FE3-BD77-8F98F3D623F1}.Debug_WM6Standard|Win32.ActiveCfg = Debug|Win32
		{F1936F3D-29BB-4FE3-BD77-8F98F3D623F1}.Debug_WM6Standard|Win32.Build.0 = Debug|Win32
		{F1936F3D-29BB-4FE3-BD77-8F98F3D623F1}.Debug_WM6Standard|Windows Mobile 5.0 Pocket PC SDK (ARMV4I).ActiveCfg = Debug|Win32
		{F1936F3D-29BB-4FE3-BD77-8F98F3D623F1}.Debug_WM6Standard|Windows Mobile 6 Standard SDK (ARMV4I).ActiveCfg = Debug|Win32
		{F1936F3D-29BB-4FE3-BD77-8F98F3D623F1}.Release_Win32_c|Mixed Platforms.ActiveCfg = Release|Win32
		{F1936F3D-29BB-4FE3-BD77-8F98F3D623F1}.Release_Win32_c|Win32.ActiveCfg = Release|Win32
		{F1936F3D-29BB-4FE3-BD77-8F98F3D623F1}.Release_Win32_c|Win32.Build.0 = Release|Win32
		{F1936F3D-29BB-4FE3-BD77-8F98F3D623F1}.Release_Win32_c|Windows Mobile 5.0 Pocket PC SDK (ARMV4I).ActiveCfg = Release|Win32
		{F1936F3D-29BB-4FE3-BD77-8F98F3D623F1}.Release_Win32_c|Windows Mobile 6 Standard SDK (ARMV4I).ActiveCfg = Release|Win32
		{F1936F3D-29BB-4FE3-BD77-8F98F3D623F1}.Release_Win32|Mixed Platforms.ActiveCfg = Release|Win32
		{F1936F3D-29BB-4FE3-BD77-8F98F3D623F1}.Release_Win32|Win32.ActiveCfg = Release|Win32
		{F1936F3D-29BB-4FE3-BD77-8F98F3D623F1}.Release_Win32|Win32.Build.0 = Release|Win32
		{F1936F3D-29BB-4FE3-BD77-8F98F3D623F1}.Release_Win32|Windows Mobile 5.0 Pocket PC SDK (ARMV4I).ActiveCfg = Release|Win32
		{F1936F3D-29BB-4FE3-BD77-8F98F3D623F1}.Release_Win32|Windows Mobile 6 Standard SDK (ARMV4I).ActiveCfg = Release|Win32
		{F1936F3D-29BB-4FE3-BD77-8F98F3D623F1}.Release_WM|Mixed Platforms.ActiveCfg = Release|Win32
		{F1936F3D-29BB-4FE3-BD77-8F98F3D623F1}.Release_WM|Win32.ActiveCfg = Release|Win32
		{F1936F3D-29BB-4FE3-BD77-8F98F3D623F1}.Release_WM|Win32.Build.0 = Release|Win32
		{F1936F3D-29BB-4FE3-BD77-8F98F3D623F1}.Release_WM|Windows Mobile 5.0 Pocket PC SDK (ARMV4I).ActiveCfg = Release|Win32
		{F1936F3D-29BB-4FE3-BD77-8F98F3D623F1}.Release_WM|Windows Mobile 6 Standard SDK (ARMV4I).ActiveCfg = Release|Win32
		{F1936F3D-29BB-4FE3-BD77-8F98F3D623F1}.Release_WM6Standard|Mixed Platforms.ActiveCfg = Release|Win32
		{F1936F3D-29BB-4FE3-BD77-8F98F3D623F1}.Release_WM6Standard|Win32.ActiveCfg = Release|Win32
		{F1936F3D-29BB-4FE3-BD77-8F98F3D623F1}.Release_WM6Standard|Win32.Build.0 = Release|Win32
		{F1936F3D-29BB-4FE3-BD77-8F98F3D623F1}.Release_WM6Standard|Windows Mobile 5.0 Pocket PC SDK (ARMV4I).ActiveCfg = Release|Win32
		{F1936F3D-29BB-4FE3-BD77-8F98F3D623F1}.Release_WM6Standard|Windows Mobile 6 Standard SDK (ARMV4I).ActiveCfg = Release|Win32
		{2D15C884-CA53-4B00-9854-A51ED9FF9FB2}.Debug_Win32|Mixed Platforms.ActiveCfg = Debug|Win32
		{2D15C884-CA53-4B00-9854-A51ED9FF9FB2}.Debug_Win32|Mixed Platforms.Build.0 = Debug|Win32
		{2D15C884-CA53-4B00-9854-A51ED9FF9FB2}.Debug_Win32|Mixed Platforms.Deploy.0 = Debug|Win32
		{2D15C884-CA53-4B00-9854-A51ED9FF9FB2}.Debug_Win32|Win32.ActiveCfg = Debug|Win32
		{2D15C884-CA53-4B00-9854-A51ED9FF9FB2}.Debug_Win32|Win32.Build.0 = Debug|Win32
		{2D15C884-CA53-4B00-9854-A51ED9FF9FB2}.Debug_Win32|Windows Mobile 5.0 Pocket PC SDK (ARMV4I).ActiveCfg = Debug|Win32
		{2D15C884-CA53-4B00-9854-A51ED9FF9FB2}.Debug_Win32|Windows Mobile 6 Standard SDK (ARMV4I).ActiveCfg = Debug|Win32
		{2D15C884-CA53-4B00-9854-A51ED9FF9FB2}.Debug_WM|Mixed Platforms.ActiveCfg = Debug|Windows Mobile 5.0 Pocket PC SDK (ARMV4I)
		{2D15C884-CA53-4B00-9854-A51ED9FF9FB2}.Debug_WM|Mixed Platforms.Build.0 = Debug|Windows Mobile 5.0 Pocket PC SDK (ARMV4I)
		{2D15C884-CA53-4B00-9854-A51ED9FF9FB2}.Debug_WM|Win32.ActiveCfg = Debug|Win32
		{2D15C884-CA53-4B00-9854-A51ED9FF9FB2}.Debug_WM|Win32.Build.0 = Debug|Win32
		{2D15C884-CA53-4B00-9854-A51ED9FF9FB2}.Debug_WM|Windows Mobile 5.0 Pocket PC SDK (ARMV4I).ActiveCfg = Debug|Win32
		{2D15C884-CA53-4B00-9854-A51ED9FF9FB2}.Debug_WM|Windows Mobile 6 Standard SDK (ARMV4I).ActiveCfg = Debug|Win32
		{2D15C884-CA53-4B00-9854-A51ED9FF9FB2}.Debug_WM6Standard|Mixed Platforms.ActiveCfg = Debug|Windows Mobile 6 Standard SDK (ARMV4I)
		{2D15C884-CA53-4B00-9854-A51ED9FF9FB2}.Debug_WM6Standard|Mixed Platforms.Build.0 = Debug|Windows Mobile 6 Standard SDK (ARMV4I)
		{2D15C884-CA53-4B00-9854-A51ED9FF9FB2}.Debug_WM6Standard|Win32.ActiveCfg = Debug|Win32
		{2D15C884-CA53-4B00-9854-A51ED9FF9FB2}.Debug_WM6Standard|Win32.Build.0 = Debug|Win32
		{2D15C884-CA53-4B00-9854-A51ED9FF9FB2}.Debug_WM6Standard|Windows Mobile 5.0 Pocket PC SDK (ARMV4I).ActiveCfg = Debug|Win32
		{2D15C884-CA53-4B00-9854-A51ED9FF9FB2}.Debug_WM6Standard|Windows Mobile 6 Standard SDK (ARMV4I).ActiveCfg = Debug|Win32
		{2D15C884-CA53-4B00-9854-A51ED9FF9FB2}.Release_Win32_c|Mixed Platforms.ActiveCfg = Release|Win32
		{2D15C884-CA53-4B00-9854-A51ED9FF9FB2}.Release_Win32_c|Mixed Platforms.Build.0 = Release|Win32
		{2D15C884-CA53-4B00-9854-A51ED9FF9FB2}.Release_Win32_c|Win32.ActiveCfg = Release|Win32
		{2D15C884-CA53-4B00-9854-A51ED9FF9FB2}.Release_Win32_c|Win32.Build.0 = Release|Win32
		{2D15C884-CA53-4B00-9854-A51ED9FF9FB2}.Release_Win32_c|Windows Mobile 5.0 Pocket PC SDK (ARMV4I).ActiveCfg = Release|Win32
		{2D15C884-CA53-4B00-9854-A51ED9FF9FB2}.Release_Win32_c|Windows Mobile 6 Standard SDK (ARMV4I).ActiveCfg = Release|Win32
		{2D15C884-CA53-4B00-9854-A51ED9FF9FB2}.Release_Win32|Mixed Platforms.ActiveCfg = Release|Win32
		{2D15C884-CA53-4B00-9854-A51ED9FF9FB2}.Release_Win32|Mixed Platforms.Build.0 = Release|Win32
		{2D15C884-CA53-4B00-9854-A51ED9FF9FB2}.Release_Win32|Win32.ActiveCfg = Release|Win32
		{2D15C884-CA53-4B00-9854-A51ED9FF9FB2}.Release_Win32|Win32.Build.0 = Release|Win32
		{2D15C884-CA53-4B00-9854-A51ED9FF9FB2}.Release_Win32|Windows Mobile 5.0 Pocket PC SDK (ARMV4I).ActiveCfg = Release|Win32
		{2D15C884-CA53-4B00-9854-A51ED9FF9FB2}.Release_Win32|Windows Mobile 6 Standard SDK (ARMV4I).ActiveCfg = Release|Win32
		{2D15C884-CA53-4B00-9854-A51ED9FF9FB2}.Release_WM|Mixed Platforms.ActiveCfg = Release|Windows Mobile 5.0 Pocket PC SDK (ARMV4I)
		{2D15C884-CA53-4B00-9854-A51ED9FF9FB2}.Release_WM|Mixed Platforms.Build.0 = Release|Windows Mobile 5.0 Pocket PC SDK (ARMV4I)
		{2D15C884-CA53-4B00-9854-A51ED9FF9FB2}.Release_WM|Win32.ActiveCfg = Release|Win32
		{2D15C884-CA53-4B00-9854-A51ED9FF9FB2}.Release_WM|Win32.Build.0 = Release|Win32
		{2D15C884-CA53-4B00-9854-A51ED9FF9FB2}.Release_WM|Windows Mobile 5.0 Pocket PC SDK (ARMV4I).ActiveCfg = Release|Win32
		{2D15C884-CA53-4B00-9854-A51ED9FF9FB2}.Release_WM|Windows Mobile 6 Standard SDK (ARMV4I).ActiveCfg = Release|Win32
		{2D15C884-CA53-4B00-9854-A51ED9FF9FB2}.Release_WM6Standard|Mixed Platforms.ActiveCfg = Release|Windows Mobile 6 Standard SDK (ARMV4I)
		{2D15C884-CA53-4B00-9854-A51ED9FF9FB2}.Release_WM6Standard|Mixed Platforms.Build.0 = Release|Windows Mobile 6 Standard SDK (ARMV4I)
		{2D15C884-CA53-4B00-9854-A51ED9FF9FB2}.Release_WM6Standard|Win32.ActiveCfg = Release|Win32
		{2D15C884-CA53-4B00-9854-A51ED9FF9FB2}.Release_WM6Standard|Win32.Build.0 = Release|Win32
		{2D15C884-CA53-4B00-9854-A51ED9FF9FB2}.Release_WM6Standard|Windows Mobile 5.0 Pocket PC SDK (ARMV4I).ActiveCfg = Release|Win32
		{2D15C884-CA53-4B00-9854-A51ED9FF9FB2}.Release_WM6Standard|Windows Mobile 6 Standard SDK (ARMV4I).ActiveCfg = Release|Win32
		{36F52FEA-A842-4815-B438-2FCE1CB634DC}.Debug_Win32|Mixed Platforms.ActiveCfg = Debug|Win32
		{36F52FEA-A842-4815-B438-2FCE1CB634DC}.Debug_Win32|Win32.ActiveCfg = Debug|Win32
		{36F52FEA-A842-4815-B438-2FCE1CB634DC}.Debug_Win32|Win32.Build.0 = Debug|Win32
		{36F52FEA-A842-4815-B438-2FCE1CB634DC}.Debug_Win32|Windows Mobile 5.0 Pocket PC SDK (ARMV4I).ActiveCfg = Debug|Win32
		{36F52FEA-A842-4815-B438-2FCE1CB634DC}.Debug_Win32|Windows Mobile 6 Standard SDK (ARMV4I).ActiveCfg = Debug|Win32
		{36F52FEA-A842-4815-B438-2FCE1CB634DC}.Debug_WM|Mixed Platforms.ActiveCfg = Debug|Win32
		{36F52FEA-A842-4815-B438-2FCE1CB634DC}.Debug_WM|Win32.ActiveCfg = Debug|Win32
		{36F52FEA-A842-4815-B438-2FCE1CB634DC}.Debug_WM|Win32.Build.0 = Debug|Win32
		{36F52FEA-A842-4815-B438-2FCE1CB634DC}.Debug_WM|Windows Mobile 5.0 Pocket PC SDK (ARMV4I).ActiveCfg = Debug|Win32
		{36F52FEA-A842-4815-B438-2FCE1CB634DC}.Debug_WM|Windows Mobile 6 Standard SDK (ARMV4I).ActiveCfg = Debug|Win32
		{36F52FEA-A842-4815-B438-2FCE1CB634DC}.Debug_WM6Standard|Mixed Platforms.ActiveCfg = Debug|Win32
		{36F52FEA-A842-4815-B438-2FCE1CB634DC}.Debug_WM6Standard|Win32.ActiveCfg = Debug|Win32
		{36F52FEA-A842-4815-B438-2FCE1CB634DC}.Debug_WM6Standard|Win32.Build.0 = Debug|Win32
		{36F52FEA-A842-4815-B438-2FCE1CB634DC}.Debug_WM6Standard|Windows Mobile 5.0 Pocket PC SDK (ARMV4I).ActiveCfg = Debug|Win32
		{36F52FEA-A842-4815-B438-2FCE1CB634DC}.Debug_WM6Standard|Windows Mobile 6 Standard SDK (ARMV4I).ActiveCfg = Debug|Win32
		{36F52FEA-A842-4815-B438-2FCE1CB634DC}.Release_Win32_c|Mixed Platforms.ActiveCfg = Release|Win32
		{36F52FEA-A842-4815-B438-2FCE1CB634DC}.Release_Win32_c|Mixed Platforms.Build.0 = Release|Win32
		{36F52FEA-A842-4815-B438-2FCE1CB634DC}.Release_Win32_c|Win32.ActiveCfg = Release|Win32
		{36F52FEA-A842-4815-B438-2FCE1CB634DC}.Release_Win32_c|Win32.Build.0 = Release|Win32
		{36F52FEA-A842-4815-B438-2FCE1CB634DC}.Release_Win32_c|Windows Mobile 5.0 Pocket PC SDK (ARMV4I).ActiveCfg = Release|Win32
		{36F52FEA-A842-4815-B438-2FCE1CB634DC}.Release_Win32_c|Windows Mobile 6 Standard SDK (ARMV4I).ActiveCfg = Release|Win32
		{36F52FEA-A842-4815-B438-2FCE1CB634DC}.Release_Win32|Mixed Platforms.ActiveCfg = Release|Win32
		{36F52FEA-A842-4815-B438-2FCE1CB634DC}.Release_Win32|Mixed Platforms.Build.0 = Release|Win32
		{36F52FEA-A842-4815-B438-2FCE1CB634DC}.Release_Win32|Win32.ActiveCfg = Release|Win32
		{36F52FEA-A842-4815-B438-2FCE1CB634DC}.Release_Win32|Win32.Build.0 = Release|Win32
		{36F52FEA-A842-4815-B438-2FCE1CB634DC}.Release_Win32|Windows Mobile 5.0 Pocket PC SDK (ARMV4I).ActiveCfg = Release|Win32
		{36F52FEA-A842-4815-B438-2FCE1CB634DC}.Release_Win32|Windows Mobile 6 Standard SDK (ARMV4I).ActiveCfg = Release|Win32
		{36F52FEA-A842-4815-B438-2FCE1CB634DC}.Release_WM|Mixed Platforms.ActiveCfg = Release|Win32
		{36F52FEA-A842-4815-B438-2FCE1CB634DC}.Release_WM|Win32.ActiveCfg = Release|Win32
		{36F52FEA-A842-4815-B438-2FCE1CB634DC}.Release_WM|Win32.Build.0 = Release|Win32
		{36F52FEA-A842-4815-B438-2FCE1CB634DC}.Release_WM|Windows Mobile 5.0 Pocket PC SDK (ARMV4I).ActiveCfg = Release|Win32
		{36F52FEA-A842-4815-B438-2FCE1CB634DC}.Release_WM|Windows Mobile 6 Standard SDK (ARMV4I).ActiveCfg = Release|Win32
		{36F52FEA-A842-4815-B438-2FCE1CB634DC}.Release_WM6Standard|Mixed Platforms.ActiveCfg = Release|Win32
		{36F52FEA-A842-4815-B438-2FCE1CB634DC}.Release_WM6Standard|Win32.ActiveCfg = Release|Win32
		{36F52FEA-A842-4815-B438-2FCE1CB634DC}.Release_WM6Standard|Win32.Build.0 = Release|Win32
		{36F52FEA-A842-4815-B438-2FCE1CB634DC}.Release_WM6Standard|Windows Mobile 5.0 Pocket PC SDK (ARMV4I).ActiveCfg = Release|Win32
		{36F52FEA-A842-4815-B438-2FCE1CB634DC}.Release_WM6Standard|Windows Mobile 6 Standard SDK (ARMV4I).ActiveCfg = Release|Win32
	EndGlobalSection
	GlobalSection(SolutionProperties) = preSolution
		HideSolutionNode = FALSE
	EndGlobalSection
EndGlobal
