
Microsoft Visual Studio Solution File, Format Version 9.00
# Visual Studio 2005
Project("{8BC9CEB8-8B4A-11D0-8D11-00A0C91BC942}") = "MZ3", "src\MZ3\MZ3.vcproj", "{E9AB75B4-EAC6-4E6C-99D7-0FD76EA0E79C}"
EndProject
Project("{B900F1C2-3D47-4FEC-85B3-04AAF18C3634}") = "MZ3cab", "src\MZ3cab\MZ3cab.vddproj", "{1F943333-1B8B-4111-97DE-72FB9135296C}"
EndProject
Project("{8BC9CEB8-8B4A-11D0-8D11-00A0C91BC942}") = "RegexTest", "src\RegexTest\RegexTest.vcproj", "{EBEE77FF-E4F1-47F3-9CD5-C0F0D0135B3E}"
EndProject
Global
	GlobalSection(SolutionConfigurationPlatforms) = preSolution
		Debug|Mixed Platforms = Debug|Mixed Platforms
		Debug|Win32 = Debug|Win32
		Debug|Windows Mobile 5.0 Pocket PC SDK (ARMV4I) = Debug|Windows Mobile 5.0 Pocket PC SDK (ARMV4I)
		Release_MZ3|Mixed Platforms = Release_MZ3|Mixed Platforms
		Release_MZ3|Win32 = Release_MZ3|Win32
		Release_MZ3|Windows Mobile 5.0 Pocket PC SDK (ARMV4I) = Release_MZ3|Windows Mobile 5.0 Pocket PC SDK (ARMV4I)
		Release|Mixed Platforms = Release|Mixed Platforms
		Release|Win32 = Release|Win32
		Release|Windows Mobile 5.0 Pocket PC SDK (ARMV4I) = Release|Windows Mobile 5.0 Pocket PC SDK (ARMV4I)
	EndGlobalSection
	GlobalSection(ProjectConfigurationPlatforms) = postSolution
		{E9AB75B4-EAC6-4E6C-99D7-0FD76EA0E79C}.Debug|Mixed Platforms.ActiveCfg = Debug|Windows Mobile 5.0 Pocket PC SDK (ARMV4I)
		{E9AB75B4-EAC6-4E6C-99D7-0FD76EA0E79C}.Debug|Mixed Platforms.Build.0 = Debug|Windows Mobile 5.0 Pocket PC SDK (ARMV4I)
		{E9AB75B4-EAC6-4E6C-99D7-0FD76EA0E79C}.Debug|Mixed Platforms.Deploy.0 = Debug|Windows Mobile 5.0 Pocket PC SDK (ARMV4I)
		{E9AB75B4-EAC6-4E6C-99D7-0FD76EA0E79C}.Debug|Win32.ActiveCfg = Release|Windows Mobile 5.0 Pocket PC SDK (ARMV4I)
		{E9AB75B4-EAC6-4E6C-99D7-0FD76EA0E79C}.Debug|Windows Mobile 5.0 Pocket PC SDK (ARMV4I).ActiveCfg = Debug|Windows Mobile 5.0 Pocket PC SDK (ARMV4I)
		{E9AB75B4-EAC6-4E6C-99D7-0FD76EA0E79C}.Debug|Windows Mobile 5.0 Pocket PC SDK (ARMV4I).Build.0 = Debug|Windows Mobile 5.0 Pocket PC SDK (ARMV4I)
		{E9AB75B4-EAC6-4E6C-99D7-0FD76EA0E79C}.Debug|Windows Mobile 5.0 Pocket PC SDK (ARMV4I).Deploy.0 = Debug|Windows Mobile 5.0 Pocket PC SDK (ARMV4I)
		{E9AB75B4-EAC6-4E6C-99D7-0FD76EA0E79C}.Release_MZ3|Mixed Platforms.ActiveCfg = Release_MZ3|Windows Mobile 5.0 Pocket PC SDK (ARMV4I)
		{E9AB75B4-EAC6-4E6C-99D7-0FD76EA0E79C}.Release_MZ3|Mixed Platforms.Build.0 = Release_MZ3|Windows Mobile 5.0 Pocket PC SDK (ARMV4I)
		{E9AB75B4-EAC6-4E6C-99D7-0FD76EA0E79C}.Release_MZ3|Mixed Platforms.Deploy.0 = Release_MZ3|Windows Mobile 5.0 Pocket PC SDK (ARMV4I)
		{E9AB75B4-EAC6-4E6C-99D7-0FD76EA0E79C}.Release_MZ3|Win32.ActiveCfg = Release_MZ3|Win32
		{E9AB75B4-EAC6-4E6C-99D7-0FD76EA0E79C}.Release_MZ3|Win32.Build.0 = Release_MZ3|Win32
		{E9AB75B4-EAC6-4E6C-99D7-0FD76EA0E79C}.Release_MZ3|Win32.Deploy.0 = Release_MZ3|Win32
		{E9AB75B4-EAC6-4E6C-99D7-0FD76EA0E79C}.Release_MZ3|Windows Mobile 5.0 Pocket PC SDK (ARMV4I).ActiveCfg = Release_MZ3|Windows Mobile 5.0 Pocket PC SDK (ARMV4I)
		{E9AB75B4-EAC6-4E6C-99D7-0FD76EA0E79C}.Release_MZ3|Windows Mobile 5.0 Pocket PC SDK (ARMV4I).Build.0 = Release_MZ3|Windows Mobile 5.0 Pocket PC SDK (ARMV4I)
		{E9AB75B4-EAC6-4E6C-99D7-0FD76EA0E79C}.Release_MZ3|Windows Mobile 5.0 Pocket PC SDK (ARMV4I).Deploy.0 = Release_MZ3|Windows Mobile 5.0 Pocket PC SDK (ARMV4I)
		{E9AB75B4-EAC6-4E6C-99D7-0FD76EA0E79C}.Release|Mixed Platforms.ActiveCfg = Release|Windows Mobile 5.0 Pocket PC SDK (ARMV4I)
		{E9AB75B4-EAC6-4E6C-99D7-0FD76EA0E79C}.Release|Mixed Platforms.Build.0 = Release|Windows Mobile 5.0 Pocket PC SDK (ARMV4I)
		{E9AB75B4-EAC6-4E6C-99D7-0FD76EA0E79C}.Release|Mixed Platforms.Deploy.0 = Release|Windows Mobile 5.0 Pocket PC SDK (ARMV4I)
		{E9AB75B4-EAC6-4E6C-99D7-0FD76EA0E79C}.Release|Win32.ActiveCfg = Release|Windows Mobile 5.0 Pocket PC SDK (ARMV4I)
		{E9AB75B4-EAC6-4E6C-99D7-0FD76EA0E79C}.Release|Windows Mobile 5.0 Pocket PC SDK (ARMV4I).ActiveCfg = Release|Windows Mobile 5.0 Pocket PC SDK (ARMV4I)
		{E9AB75B4-EAC6-4E6C-99D7-0FD76EA0E79C}.Release|Windows Mobile 5.0 Pocket PC SDK (ARMV4I).Build.0 = Release|Windows Mobile 5.0 Pocket PC SDK (ARMV4I)
		{E9AB75B4-EAC6-4E6C-99D7-0FD76EA0E79C}.Release|Windows Mobile 5.0 Pocket PC SDK (ARMV4I).Deploy.0 = Release|Windows Mobile 5.0 Pocket PC SDK (ARMV4I)
		{1F943333-1B8B-4111-97DE-72FB9135296C}.Debug|Mixed Platforms.ActiveCfg = Debug
		{1F943333-1B8B-4111-97DE-72FB9135296C}.Debug|Win32.ActiveCfg = Release_MZ3
		{1F943333-1B8B-4111-97DE-72FB9135296C}.Debug|Windows Mobile 5.0 Pocket PC SDK (ARMV4I).ActiveCfg = Debug
		{1F943333-1B8B-4111-97DE-72FB9135296C}.Release_MZ3|Mixed Platforms.ActiveCfg = Release_MZ3
		{1F943333-1B8B-4111-97DE-72FB9135296C}.Release_MZ3|Win32.ActiveCfg = Release_MZ3
		{1F943333-1B8B-4111-97DE-72FB9135296C}.Release_MZ3|Windows Mobile 5.0 Pocket PC SDK (ARMV4I).ActiveCfg = Release_MZ3
		{1F943333-1B8B-4111-97DE-72FB9135296C}.Release|Mixed Platforms.ActiveCfg = Release
		{1F943333-1B8B-4111-97DE-72FB9135296C}.Release|Mixed Platforms.Build.0 = Release
		{1F943333-1B8B-4111-97DE-72FB9135296C}.Release|Win32.ActiveCfg = Release_MZ3
		{1F943333-1B8B-4111-97DE-72FB9135296C}.Release|Windows Mobile 5.0 Pocket PC SDK (ARMV4I).ActiveCfg = Release
		{1F943333-1B8B-4111-97DE-72FB9135296C}.Release|Windows Mobile 5.0 Pocket PC SDK (ARMV4I).Build.0 = Release
		{EBEE77FF-E4F1-47F3-9CD5-C0F0D0135B3E}.Debug|Mixed Platforms.ActiveCfg = Debug|Win32
		{EBEE77FF-E4F1-47F3-9CD5-C0F0D0135B3E}.Debug|Mixed Platforms.Build.0 = Debug|Win32
		{EBEE77FF-E4F1-47F3-9CD5-C0F0D0135B3E}.Debug|Win32.ActiveCfg = Release|Win32
		{EBEE77FF-E4F1-47F3-9CD5-C0F0D0135B3E}.Debug|Win32.Build.0 = Release|Win32
		{EBEE77FF-E4F1-47F3-9CD5-C0F0D0135B3E}.Debug|Windows Mobile 5.0 Pocket PC SDK (ARMV4I).ActiveCfg = Debug|Win32
		{EBEE77FF-E4F1-47F3-9CD5-C0F0D0135B3E}.Release_MZ3|Mixed Platforms.ActiveCfg = Release|Win32
		{EBEE77FF-E4F1-47F3-9CD5-C0F0D0135B3E}.Release_MZ3|Mixed Platforms.Build.0 = Release|Win32
		{EBEE77FF-E4F1-47F3-9CD5-C0F0D0135B3E}.Release_MZ3|Win32.ActiveCfg = Release|Win32
		{EBEE77FF-E4F1-47F3-9CD5-C0F0D0135B3E}.Release_MZ3|Win32.Build.0 = Release|Win32
		{EBEE77FF-E4F1-47F3-9CD5-C0F0D0135B3E}.Release_MZ3|Windows Mobile 5.0 Pocket PC SDK (ARMV4I).ActiveCfg = Release|Win32
		{EBEE77FF-E4F1-47F3-9CD5-C0F0D0135B3E}.Release|Mixed Platforms.ActiveCfg = Release|Win32
		{EBEE77FF-E4F1-47F3-9CD5-C0F0D0135B3E}.Release|Win32.ActiveCfg = Release|Win32
		{EBEE77FF-E4F1-47F3-9CD5-C0F0D0135B3E}.Release|Win32.Build.0 = Release|Win32
		{EBEE77FF-E4F1-47F3-9CD5-C0F0D0135B3E}.Release|Windows Mobile 5.0 Pocket PC SDK (ARMV4I).ActiveCfg = Release|Win32
	EndGlobalSection
	GlobalSection(SolutionProperties) = preSolution
		HideSolutionNode = FALSE
	EndGlobalSection
EndGlobal
