
Microsoft Visual Studio Solution File, Format Version 9.00
# Visual Studio 2005
Project("{8BC9CEB8-8B4A-11D0-8D11-00A0C91BC942}") = "MZ3", "src\MZ3\MZ3.vcproj", "{E9AB75B4-EAC6-4E6C-99D7-0FD76EA0E79C}"
EndProject
Project("{B900F1C2-3D47-4FEC-85B3-04AAF18C3634}") = "MZ3cab", "src\MZ3cab\MZ3cab.vddproj", "{1F943333-1B8B-4111-97DE-72FB9135296C}"
EndProject
Project("{8BC9CEB8-8B4A-11D0-8D11-00A0C91BC942}") = "RegexTest", "src\RegexTest\RegexTest.vcproj", "{EBEE77FF-E4F1-47F3-9CD5-C0F0D0135B3E}"
EndProject
Project("{54435603-DBB4-11D2-8724-00A0C9A8B90C}") = "SetupWin32", "SetupWin32\SetupWin32.vdproj", "{86F1A7E9-D2B7-4E25-88A5-CF12A2BB92CE}"
EndProject
Global
	GlobalSection(SolutionConfigurationPlatforms) = preSolution
		Debug_Win32|Mixed Platforms = Debug_Win32|Mixed Platforms
		Debug_Win32|Win32 = Debug_Win32|Win32
		Debug_Win32|Windows Mobile 5.0 Pocket PC SDK (ARMV4I) = Debug_Win32|Windows Mobile 5.0 Pocket PC SDK (ARMV4I)
		Debug_Win32|Windows Mobile 6 Standard SDK (ARMV4I) = Debug_Win32|Windows Mobile 6 Standard SDK (ARMV4I)
		Debug_WM|Mixed Platforms = Debug_WM|Mixed Platforms
		Debug_WM|Win32 = Debug_WM|Win32
		Debug_WM|Windows Mobile 5.0 Pocket PC SDK (ARMV4I) = Debug_WM|Windows Mobile 5.0 Pocket PC SDK (ARMV4I)
		Debug_WM|Windows Mobile 6 Standard SDK (ARMV4I) = Debug_WM|Windows Mobile 6 Standard SDK (ARMV4I)
		Debug_WM6Standard|Mixed Platforms = Debug_WM6Standard|Mixed Platforms
		Debug_WM6Standard|Win32 = Debug_WM6Standard|Win32
		Debug_WM6Standard|Windows Mobile 5.0 Pocket PC SDK (ARMV4I) = Debug_WM6Standard|Windows Mobile 5.0 Pocket PC SDK (ARMV4I)
		Debug_WM6Standard|Windows Mobile 6 Standard SDK (ARMV4I) = Debug_WM6Standard|Windows Mobile 6 Standard SDK (ARMV4I)
		Debug|Mixed Platforms = Debug|Mixed Platforms
		Debug|Win32 = Debug|Win32
		Debug|Windows Mobile 5.0 Pocket PC SDK (ARMV4I) = Debug|Windows Mobile 5.0 Pocket PC SDK (ARMV4I)
		Debug|Windows Mobile 6 Standard SDK (ARMV4I) = Debug|Windows Mobile 6 Standard SDK (ARMV4I)
		Release_MZ3Only|Mixed Platforms = Release_MZ3Only|Mixed Platforms
		Release_MZ3Only|Win32 = Release_MZ3Only|Win32
		Release_MZ3Only|Windows Mobile 5.0 Pocket PC SDK (ARMV4I) = Release_MZ3Only|Windows Mobile 5.0 Pocket PC SDK (ARMV4I)
		Release_MZ3Only|Windows Mobile 6 Standard SDK (ARMV4I) = Release_MZ3Only|Windows Mobile 6 Standard SDK (ARMV4I)
		Release_Win32|Mixed Platforms = Release_Win32|Mixed Platforms
		Release_Win32|Win32 = Release_Win32|Win32
		Release_Win32|Windows Mobile 5.0 Pocket PC SDK (ARMV4I) = Release_Win32|Windows Mobile 5.0 Pocket PC SDK (ARMV4I)
		Release_Win32|Windows Mobile 6 Standard SDK (ARMV4I) = Release_Win32|Windows Mobile 6 Standard SDK (ARMV4I)
		Release_WM|Mixed Platforms = Release_WM|Mixed Platforms
		Release_WM|Win32 = Release_WM|Win32
		Release_WM|Windows Mobile 5.0 Pocket PC SDK (ARMV4I) = Release_WM|Windows Mobile 5.0 Pocket PC SDK (ARMV4I)
		Release_WM|Windows Mobile 6 Standard SDK (ARMV4I) = Release_WM|Windows Mobile 6 Standard SDK (ARMV4I)
		Release_WM6Standard|Mixed Platforms = Release_WM6Standard|Mixed Platforms
		Release_WM6Standard|Win32 = Release_WM6Standard|Win32
		Release_WM6Standard|Windows Mobile 5.0 Pocket PC SDK (ARMV4I) = Release_WM6Standard|Windows Mobile 5.0 Pocket PC SDK (ARMV4I)
		Release_WM6Standard|Windows Mobile 6 Standard SDK (ARMV4I) = Release_WM6Standard|Windows Mobile 6 Standard SDK (ARMV4I)
		Release|Mixed Platforms = Release|Mixed Platforms
		Release|Win32 = Release|Win32
		Release|Windows Mobile 5.0 Pocket PC SDK (ARMV4I) = Release|Windows Mobile 5.0 Pocket PC SDK (ARMV4I)
		Release|Windows Mobile 6 Standard SDK (ARMV4I) = Release|Windows Mobile 6 Standard SDK (ARMV4I)
	EndGlobalSection
	GlobalSection(ProjectConfigurationPlatforms) = postSolution
		{E9AB75B4-EAC6-4E6C-99D7-0FD76EA0E79C}.Debug_Win32|Mixed Platforms.ActiveCfg = Debug_Win32|Win32
		{E9AB75B4-EAC6-4E6C-99D7-0FD76EA0E79C}.Debug_Win32|Mixed Platforms.Build.0 = Debug_Win32|Win32
		{E9AB75B4-EAC6-4E6C-99D7-0FD76EA0E79C}.Debug_Win32|Win32.ActiveCfg = Debug_Win32|Win32
		{E9AB75B4-EAC6-4E6C-99D7-0FD76EA0E79C}.Debug_Win32|Win32.Build.0 = Debug_Win32|Win32
		{E9AB75B4-EAC6-4E6C-99D7-0FD76EA0E79C}.Debug_Win32|Windows Mobile 5.0 Pocket PC SDK (ARMV4I).ActiveCfg = Debug_Win32|Windows Mobile 5.0 Pocket PC SDK (ARMV4I)
		{E9AB75B4-EAC6-4E6C-99D7-0FD76EA0E79C}.Debug_Win32|Windows Mobile 5.0 Pocket PC SDK (ARMV4I).Build.0 = Debug_Win32|Windows Mobile 5.0 Pocket PC SDK (ARMV4I)
		{E9AB75B4-EAC6-4E6C-99D7-0FD76EA0E79C}.Debug_Win32|Windows Mobile 5.0 Pocket PC SDK (ARMV4I).Deploy.0 = Debug_Win32|Windows Mobile 5.0 Pocket PC SDK (ARMV4I)
		{E9AB75B4-EAC6-4E6C-99D7-0FD76EA0E79C}.Debug_Win32|Windows Mobile 6 Standard SDK (ARMV4I).ActiveCfg = Debug_Win32|Win32
		{E9AB75B4-EAC6-4E6C-99D7-0FD76EA0E79C}.Debug_Win32|Windows Mobile 6 Standard SDK (ARMV4I).Build.0 = Debug_Win32|Win32
		{E9AB75B4-EAC6-4E6C-99D7-0FD76EA0E79C}.Debug_Win32|Windows Mobile 6 Standard SDK (ARMV4I).Deploy.0 = Debug_Win32|Win32
		{E9AB75B4-EAC6-4E6C-99D7-0FD76EA0E79C}.Debug_WM|Mixed Platforms.ActiveCfg = Debug_WM|Windows Mobile 5.0 Pocket PC SDK (ARMV4I)
		{E9AB75B4-EAC6-4E6C-99D7-0FD76EA0E79C}.Debug_WM|Mixed Platforms.Build.0 = Debug_WM|Windows Mobile 5.0 Pocket PC SDK (ARMV4I)
		{E9AB75B4-EAC6-4E6C-99D7-0FD76EA0E79C}.Debug_WM|Mixed Platforms.Deploy.0 = Debug_WM|Windows Mobile 5.0 Pocket PC SDK (ARMV4I)
		{E9AB75B4-EAC6-4E6C-99D7-0FD76EA0E79C}.Debug_WM|Win32.ActiveCfg = Debug_WM|Win32
		{E9AB75B4-EAC6-4E6C-99D7-0FD76EA0E79C}.Debug_WM|Win32.Build.0 = Debug_WM|Win32
		{E9AB75B4-EAC6-4E6C-99D7-0FD76EA0E79C}.Debug_WM|Windows Mobile 5.0 Pocket PC SDK (ARMV4I).ActiveCfg = Debug_WM|Windows Mobile 5.0 Pocket PC SDK (ARMV4I)
		{E9AB75B4-EAC6-4E6C-99D7-0FD76EA0E79C}.Debug_WM|Windows Mobile 5.0 Pocket PC SDK (ARMV4I).Build.0 = Debug_WM|Windows Mobile 5.0 Pocket PC SDK (ARMV4I)
		{E9AB75B4-EAC6-4E6C-99D7-0FD76EA0E79C}.Debug_WM|Windows Mobile 5.0 Pocket PC SDK (ARMV4I).Deploy.0 = Debug_WM|Windows Mobile 5.0 Pocket PC SDK (ARMV4I)
		{E9AB75B4-EAC6-4E6C-99D7-0FD76EA0E79C}.Debug_WM|Windows Mobile 6 Standard SDK (ARMV4I).ActiveCfg = Debug_WM|Windows Mobile 6 Standard SDK (ARMV4I)
		{E9AB75B4-EAC6-4E6C-99D7-0FD76EA0E79C}.Debug_WM|Windows Mobile 6 Standard SDK (ARMV4I).Build.0 = Debug_WM|Windows Mobile 6 Standard SDK (ARMV4I)
		{E9AB75B4-EAC6-4E6C-99D7-0FD76EA0E79C}.Debug_WM|Windows Mobile 6 Standard SDK (ARMV4I).Deploy.0 = Debug_WM|Windows Mobile 6 Standard SDK (ARMV4I)
		{E9AB75B4-EAC6-4E6C-99D7-0FD76EA0E79C}.Debug_WM6Standard|Mixed Platforms.ActiveCfg = Debug_WM6Standard|Windows Mobile 6 Standard SDK (ARMV4I)
		{E9AB75B4-EAC6-4E6C-99D7-0FD76EA0E79C}.Debug_WM6Standard|Mixed Platforms.Build.0 = Debug_WM6Standard|Windows Mobile 6 Standard SDK (ARMV4I)
		{E9AB75B4-EAC6-4E6C-99D7-0FD76EA0E79C}.Debug_WM6Standard|Mixed Platforms.Deploy.0 = Debug_WM6Standard|Windows Mobile 6 Standard SDK (ARMV4I)
		{E9AB75B4-EAC6-4E6C-99D7-0FD76EA0E79C}.Debug_WM6Standard|Win32.ActiveCfg = Debug_WM6Standard|Win32
		{E9AB75B4-EAC6-4E6C-99D7-0FD76EA0E79C}.Debug_WM6Standard|Win32.Build.0 = Debug_WM6Standard|Win32
		{E9AB75B4-EAC6-4E6C-99D7-0FD76EA0E79C}.Debug_WM6Standard|Windows Mobile 5.0 Pocket PC SDK (ARMV4I).ActiveCfg = Debug_WM6Standard|Windows Mobile 5.0 Pocket PC SDK (ARMV4I)
		{E9AB75B4-EAC6-4E6C-99D7-0FD76EA0E79C}.Debug_WM6Standard|Windows Mobile 5.0 Pocket PC SDK (ARMV4I).Build.0 = Debug_WM6Standard|Windows Mobile 5.0 Pocket PC SDK (ARMV4I)
		{E9AB75B4-EAC6-4E6C-99D7-0FD76EA0E79C}.Debug_WM6Standard|Windows Mobile 5.0 Pocket PC SDK (ARMV4I).Deploy.0 = Debug_WM6Standard|Windows Mobile 5.0 Pocket PC SDK (ARMV4I)
		{E9AB75B4-EAC6-4E6C-99D7-0FD76EA0E79C}.Debug_WM6Standard|Windows Mobile 6 Standard SDK (ARMV4I).ActiveCfg = Debug_WM6Standard|Windows Mobile 6 Standard SDK (ARMV4I)
		{E9AB75B4-EAC6-4E6C-99D7-0FD76EA0E79C}.Debug_WM6Standard|Windows Mobile 6 Standard SDK (ARMV4I).Build.0 = Debug_WM6Standard|Windows Mobile 6 Standard SDK (ARMV4I)
		{E9AB75B4-EAC6-4E6C-99D7-0FD76EA0E79C}.Debug_WM6Standard|Windows Mobile 6 Standard SDK (ARMV4I).Deploy.0 = Debug_WM6Standard|Windows Mobile 6 Standard SDK (ARMV4I)
		{E9AB75B4-EAC6-4E6C-99D7-0FD76EA0E79C}.Debug|Mixed Platforms.ActiveCfg = Debug_Win32|Windows Mobile 6 Standard SDK (ARMV4I)
		{E9AB75B4-EAC6-4E6C-99D7-0FD76EA0E79C}.Debug|Mixed Platforms.Build.0 = Debug_Win32|Windows Mobile 6 Standard SDK (ARMV4I)
		{E9AB75B4-EAC6-4E6C-99D7-0FD76EA0E79C}.Debug|Mixed Platforms.Deploy.0 = Debug_Win32|Windows Mobile 6 Standard SDK (ARMV4I)
		{E9AB75B4-EAC6-4E6C-99D7-0FD76EA0E79C}.Debug|Win32.ActiveCfg = Debug_Win32|Windows Mobile 6 Standard SDK (ARMV4I)
		{E9AB75B4-EAC6-4E6C-99D7-0FD76EA0E79C}.Debug|Windows Mobile 5.0 Pocket PC SDK (ARMV4I).ActiveCfg = Debug_Win32|Windows Mobile 6 Standard SDK (ARMV4I)
		{E9AB75B4-EAC6-4E6C-99D7-0FD76EA0E79C}.Debug|Windows Mobile 6 Standard SDK (ARMV4I).ActiveCfg = Debug_Win32|Windows Mobile 6 Standard SDK (ARMV4I)
		{E9AB75B4-EAC6-4E6C-99D7-0FD76EA0E79C}.Debug|Windows Mobile 6 Standard SDK (ARMV4I).Build.0 = Debug_Win32|Windows Mobile 6 Standard SDK (ARMV4I)
		{E9AB75B4-EAC6-4E6C-99D7-0FD76EA0E79C}.Debug|Windows Mobile 6 Standard SDK (ARMV4I).Deploy.0 = Debug_Win32|Windows Mobile 6 Standard SDK (ARMV4I)
		{E9AB75B4-EAC6-4E6C-99D7-0FD76EA0E79C}.Release_MZ3Only|Mixed Platforms.ActiveCfg = Release_WM|Windows Mobile 5.0 Pocket PC SDK (ARMV4I)
		{E9AB75B4-EAC6-4E6C-99D7-0FD76EA0E79C}.Release_MZ3Only|Mixed Platforms.Build.0 = Release_WM|Windows Mobile 5.0 Pocket PC SDK (ARMV4I)
		{E9AB75B4-EAC6-4E6C-99D7-0FD76EA0E79C}.Release_MZ3Only|Mixed Platforms.Deploy.0 = Release_WM|Windows Mobile 5.0 Pocket PC SDK (ARMV4I)
		{E9AB75B4-EAC6-4E6C-99D7-0FD76EA0E79C}.Release_MZ3Only|Win32.ActiveCfg = Release_Win32|Win32
		{E9AB75B4-EAC6-4E6C-99D7-0FD76EA0E79C}.Release_MZ3Only|Win32.Build.0 = Release_Win32|Win32
		{E9AB75B4-EAC6-4E6C-99D7-0FD76EA0E79C}.Release_MZ3Only|Win32.Deploy.0 = Release_Win32|Win32
		{E9AB75B4-EAC6-4E6C-99D7-0FD76EA0E79C}.Release_MZ3Only|Windows Mobile 5.0 Pocket PC SDK (ARMV4I).ActiveCfg = Release_WM|Windows Mobile 6 Standard SDK (ARMV4I)
		{E9AB75B4-EAC6-4E6C-99D7-0FD76EA0E79C}.Release_MZ3Only|Windows Mobile 6 Standard SDK (ARMV4I).ActiveCfg = Release_WM|Windows Mobile 6 Standard SDK (ARMV4I)
		{E9AB75B4-EAC6-4E6C-99D7-0FD76EA0E79C}.Release_MZ3Only|Windows Mobile 6 Standard SDK (ARMV4I).Build.0 = Release_WM|Windows Mobile 6 Standard SDK (ARMV4I)
		{E9AB75B4-EAC6-4E6C-99D7-0FD76EA0E79C}.Release_MZ3Only|Windows Mobile 6 Standard SDK (ARMV4I).Deploy.0 = Release_WM|Windows Mobile 6 Standard SDK (ARMV4I)
		{E9AB75B4-EAC6-4E6C-99D7-0FD76EA0E79C}.Release_Win32|Mixed Platforms.ActiveCfg = Release_Win32|Win32
		{E9AB75B4-EAC6-4E6C-99D7-0FD76EA0E79C}.Release_Win32|Mixed Platforms.Build.0 = Release_Win32|Win32
		{E9AB75B4-EAC6-4E6C-99D7-0FD76EA0E79C}.Release_Win32|Win32.ActiveCfg = Release_Win32|Win32
		{E9AB75B4-EAC6-4E6C-99D7-0FD76EA0E79C}.Release_Win32|Win32.Build.0 = Release_Win32|Win32
		{E9AB75B4-EAC6-4E6C-99D7-0FD76EA0E79C}.Release_Win32|Windows Mobile 5.0 Pocket PC SDK (ARMV4I).ActiveCfg = Release_Win32|Win32
		{E9AB75B4-EAC6-4E6C-99D7-0FD76EA0E79C}.Release_Win32|Windows Mobile 5.0 Pocket PC SDK (ARMV4I).Build.0 = Release_Win32|Win32
		{E9AB75B4-EAC6-4E6C-99D7-0FD76EA0E79C}.Release_Win32|Windows Mobile 5.0 Pocket PC SDK (ARMV4I).Deploy.0 = Release_Win32|Win32
		{E9AB75B4-EAC6-4E6C-99D7-0FD76EA0E79C}.Release_Win32|Windows Mobile 6 Standard SDK (ARMV4I).ActiveCfg = Release_Win32|Win32
		{E9AB75B4-EAC6-4E6C-99D7-0FD76EA0E79C}.Release_Win32|Windows Mobile 6 Standard SDK (ARMV4I).Build.0 = Release_Win32|Win32
		{E9AB75B4-EAC6-4E6C-99D7-0FD76EA0E79C}.Release_Win32|Windows Mobile 6 Standard SDK (ARMV4I).Deploy.0 = Release_Win32|Win32
		{E9AB75B4-EAC6-4E6C-99D7-0FD76EA0E79C}.Release_WM|Mixed Platforms.ActiveCfg = Release_WM|Windows Mobile 5.0 Pocket PC SDK (ARMV4I)
		{E9AB75B4-EAC6-4E6C-99D7-0FD76EA0E79C}.Release_WM|Mixed Platforms.Build.0 = Release_WM|Windows Mobile 5.0 Pocket PC SDK (ARMV4I)
		{E9AB75B4-EAC6-4E6C-99D7-0FD76EA0E79C}.Release_WM|Mixed Platforms.Deploy.0 = Release_WM|Windows Mobile 5.0 Pocket PC SDK (ARMV4I)
		{E9AB75B4-EAC6-4E6C-99D7-0FD76EA0E79C}.Release_WM|Win32.ActiveCfg = Release_WM|Win32
		{E9AB75B4-EAC6-4E6C-99D7-0FD76EA0E79C}.Release_WM|Win32.Build.0 = Release_WM|Win32
		{E9AB75B4-EAC6-4E6C-99D7-0FD76EA0E79C}.Release_WM|Windows Mobile 5.0 Pocket PC SDK (ARMV4I).ActiveCfg = Release_WM|Windows Mobile 5.0 Pocket PC SDK (ARMV4I)
		{E9AB75B4-EAC6-4E6C-99D7-0FD76EA0E79C}.Release_WM|Windows Mobile 5.0 Pocket PC SDK (ARMV4I).Build.0 = Release_WM|Windows Mobile 5.0 Pocket PC SDK (ARMV4I)
		{E9AB75B4-EAC6-4E6C-99D7-0FD76EA0E79C}.Release_WM|Windows Mobile 5.0 Pocket PC SDK (ARMV4I).Deploy.0 = Release_WM|Windows Mobile 5.0 Pocket PC SDK (ARMV4I)
		{E9AB75B4-EAC6-4E6C-99D7-0FD76EA0E79C}.Release_WM|Windows Mobile 6 Standard SDK (ARMV4I).ActiveCfg = Release_WM|Windows Mobile 6 Standard SDK (ARMV4I)
		{E9AB75B4-EAC6-4E6C-99D7-0FD76EA0E79C}.Release_WM|Windows Mobile 6 Standard SDK (ARMV4I).Build.0 = Release_WM|Windows Mobile 6 Standard SDK (ARMV4I)
		{E9AB75B4-EAC6-4E6C-99D7-0FD76EA0E79C}.Release_WM|Windows Mobile 6 Standard SDK (ARMV4I).Deploy.0 = Release_WM|Windows Mobile 6 Standard SDK (ARMV4I)
		{E9AB75B4-EAC6-4E6C-99D7-0FD76EA0E79C}.Release_WM6Standard|Mixed Platforms.ActiveCfg = Release_WM6Standard|Windows Mobile 6 Standard SDK (ARMV4I)
		{E9AB75B4-EAC6-4E6C-99D7-0FD76EA0E79C}.Release_WM6Standard|Mixed Platforms.Build.0 = Release_WM6Standard|Windows Mobile 6 Standard SDK (ARMV4I)
		{E9AB75B4-EAC6-4E6C-99D7-0FD76EA0E79C}.Release_WM6Standard|Mixed Platforms.Deploy.0 = Release_WM6Standard|Windows Mobile 6 Standard SDK (ARMV4I)
		{E9AB75B4-EAC6-4E6C-99D7-0FD76EA0E79C}.Release_WM6Standard|Win32.ActiveCfg = Release_WM6Standard|Win32
		{E9AB75B4-EAC6-4E6C-99D7-0FD76EA0E79C}.Release_WM6Standard|Win32.Build.0 = Release_WM6Standard|Win32
		{E9AB75B4-EAC6-4E6C-99D7-0FD76EA0E79C}.Release_WM6Standard|Windows Mobile 5.0 Pocket PC SDK (ARMV4I).ActiveCfg = Release_WM6Standard|Windows Mobile 5.0 Pocket PC SDK (ARMV4I)
		{E9AB75B4-EAC6-4E6C-99D7-0FD76EA0E79C}.Release_WM6Standard|Windows Mobile 5.0 Pocket PC SDK (ARMV4I).Build.0 = Release_WM6Standard|Windows Mobile 5.0 Pocket PC SDK (ARMV4I)
		{E9AB75B4-EAC6-4E6C-99D7-0FD76EA0E79C}.Release_WM6Standard|Windows Mobile 5.0 Pocket PC SDK (ARMV4I).Deploy.0 = Release_WM6Standard|Windows Mobile 5.0 Pocket PC SDK (ARMV4I)
		{E9AB75B4-EAC6-4E6C-99D7-0FD76EA0E79C}.Release_WM6Standard|Windows Mobile 6 Standard SDK (ARMV4I).ActiveCfg = Release_WM6Standard|Windows Mobile 6 Standard SDK (ARMV4I)
		{E9AB75B4-EAC6-4E6C-99D7-0FD76EA0E79C}.Release_WM6Standard|Windows Mobile 6 Standard SDK (ARMV4I).Build.0 = Release_WM6Standard|Windows Mobile 6 Standard SDK (ARMV4I)
		{E9AB75B4-EAC6-4E6C-99D7-0FD76EA0E79C}.Release_WM6Standard|Windows Mobile 6 Standard SDK (ARMV4I).Deploy.0 = Release_WM6Standard|Windows Mobile 6 Standard SDK (ARMV4I)
		{E9AB75B4-EAC6-4E6C-99D7-0FD76EA0E79C}.Release|Mixed Platforms.ActiveCfg = Release_Win32|Windows Mobile 6 Standard SDK (ARMV4I)
		{E9AB75B4-EAC6-4E6C-99D7-0FD76EA0E79C}.Release|Mixed Platforms.Build.0 = Release_Win32|Windows Mobile 6 Standard SDK (ARMV4I)
		{E9AB75B4-EAC6-4E6C-99D7-0FD76EA0E79C}.Release|Mixed Platforms.Deploy.0 = Release_Win32|Windows Mobile 6 Standard SDK (ARMV4I)
		{E9AB75B4-EAC6-4E6C-99D7-0FD76EA0E79C}.Release|Win32.ActiveCfg = Release_Win32|Windows Mobile 6 Standard SDK (ARMV4I)
		{E9AB75B4-EAC6-4E6C-99D7-0FD76EA0E79C}.Release|Windows Mobile 5.0 Pocket PC SDK (ARMV4I).ActiveCfg = Release_Win32|Windows Mobile 6 Standard SDK (ARMV4I)
		{E9AB75B4-EAC6-4E6C-99D7-0FD76EA0E79C}.Release|Windows Mobile 6 Standard SDK (ARMV4I).ActiveCfg = Release_Win32|Windows Mobile 6 Standard SDK (ARMV4I)
		{E9AB75B4-EAC6-4E6C-99D7-0FD76EA0E79C}.Release|Windows Mobile 6 Standard SDK (ARMV4I).Build.0 = Release_Win32|Windows Mobile 6 Standard SDK (ARMV4I)
		{E9AB75B4-EAC6-4E6C-99D7-0FD76EA0E79C}.Release|Windows Mobile 6 Standard SDK (ARMV4I).Deploy.0 = Release_Win32|Windows Mobile 6 Standard SDK (ARMV4I)
		{1F943333-1B8B-4111-97DE-72FB9135296C}.Debug_Win32|Mixed Platforms.ActiveCfg = Debug_Win32
		{1F943333-1B8B-4111-97DE-72FB9135296C}.Debug_Win32|Win32.ActiveCfg = Debug_Win32
		{1F943333-1B8B-4111-97DE-72FB9135296C}.Debug_Win32|Win32.Build.0 = Debug_Win32
		{1F943333-1B8B-4111-97DE-72FB9135296C}.Debug_Win32|Windows Mobile 5.0 Pocket PC SDK (ARMV4I).ActiveCfg = Debug_Win32
		{1F943333-1B8B-4111-97DE-72FB9135296C}.Debug_Win32|Windows Mobile 5.0 Pocket PC SDK (ARMV4I).Build.0 = Debug_Win32
		{1F943333-1B8B-4111-97DE-72FB9135296C}.Debug_Win32|Windows Mobile 6 Standard SDK (ARMV4I).ActiveCfg = Debug_Win32
		{1F943333-1B8B-4111-97DE-72FB9135296C}.Debug_WM|Mixed Platforms.ActiveCfg = Debug_WM
		{1F943333-1B8B-4111-97DE-72FB9135296C}.Debug_WM|Win32.ActiveCfg = Debug_WM
		{1F943333-1B8B-4111-97DE-72FB9135296C}.Debug_WM|Win32.Build.0 = Debug_WM
		{1F943333-1B8B-4111-97DE-72FB9135296C}.Debug_WM|Windows Mobile 5.0 Pocket PC SDK (ARMV4I).ActiveCfg = Debug_WM
		{1F943333-1B8B-4111-97DE-72FB9135296C}.Debug_WM|Windows Mobile 5.0 Pocket PC SDK (ARMV4I).Build.0 = Debug_WM
		{1F943333-1B8B-4111-97DE-72FB9135296C}.Debug_WM|Windows Mobile 6 Standard SDK (ARMV4I).ActiveCfg = Debug_WM
		{1F943333-1B8B-4111-97DE-72FB9135296C}.Debug_WM6Standard|Mixed Platforms.ActiveCfg = Debug_WM6Standard
		{1F943333-1B8B-4111-97DE-72FB9135296C}.Debug_WM6Standard|Win32.ActiveCfg = Debug_WM6Standard
		{1F943333-1B8B-4111-97DE-72FB9135296C}.Debug_WM6Standard|Win32.Build.0 = Debug_WM6Standard
		{1F943333-1B8B-4111-97DE-72FB9135296C}.Debug_WM6Standard|Windows Mobile 5.0 Pocket PC SDK (ARMV4I).ActiveCfg = Debug_WM6Standard
		{1F943333-1B8B-4111-97DE-72FB9135296C}.Debug_WM6Standard|Windows Mobile 5.0 Pocket PC SDK (ARMV4I).Build.0 = Debug_WM6Standard
		{1F943333-1B8B-4111-97DE-72FB9135296C}.Debug_WM6Standard|Windows Mobile 6 Standard SDK (ARMV4I).ActiveCfg = Debug_WM6Standard
		{1F943333-1B8B-4111-97DE-72FB9135296C}.Debug_WM6Standard|Windows Mobile 6 Standard SDK (ARMV4I).Build.0 = Debug_WM6Standard
		{1F943333-1B8B-4111-97DE-72FB9135296C}.Debug|Mixed Platforms.ActiveCfg = Debug_Win32
		{1F943333-1B8B-4111-97DE-72FB9135296C}.Debug|Mixed Platforms.Build.0 = Debug_Win32
		{1F943333-1B8B-4111-97DE-72FB9135296C}.Debug|Win32.ActiveCfg = Debug_Win32
		{1F943333-1B8B-4111-97DE-72FB9135296C}.Debug|Win32.Build.0 = Debug_Win32
		{1F943333-1B8B-4111-97DE-72FB9135296C}.Debug|Windows Mobile 5.0 Pocket PC SDK (ARMV4I).ActiveCfg = Debug_Win32
		{1F943333-1B8B-4111-97DE-72FB9135296C}.Debug|Windows Mobile 5.0 Pocket PC SDK (ARMV4I).Build.0 = Debug_Win32
		{1F943333-1B8B-4111-97DE-72FB9135296C}.Debug|Windows Mobile 6 Standard SDK (ARMV4I).ActiveCfg = Debug_Win32
		{1F943333-1B8B-4111-97DE-72FB9135296C}.Debug|Windows Mobile 6 Standard SDK (ARMV4I).Build.0 = Debug_Win32
		{1F943333-1B8B-4111-97DE-72FB9135296C}.Release_MZ3Only|Mixed Platforms.ActiveCfg = Release_WM
		{1F943333-1B8B-4111-97DE-72FB9135296C}.Release_MZ3Only|Win32.ActiveCfg = Release_Win32
		{1F943333-1B8B-4111-97DE-72FB9135296C}.Release_MZ3Only|Windows Mobile 5.0 Pocket PC SDK (ARMV4I).ActiveCfg = Release_WM6Standard
		{1F943333-1B8B-4111-97DE-72FB9135296C}.Release_MZ3Only|Windows Mobile 5.0 Pocket PC SDK (ARMV4I).Build.0 = Release_WM6Standard
		{1F943333-1B8B-4111-97DE-72FB9135296C}.Release_MZ3Only|Windows Mobile 6 Standard SDK (ARMV4I).ActiveCfg = Release_WM
		{1F943333-1B8B-4111-97DE-72FB9135296C}.Release_Win32|Mixed Platforms.ActiveCfg = Release_Win32
		{1F943333-1B8B-4111-97DE-72FB9135296C}.Release_Win32|Win32.ActiveCfg = Release_Win32
		{1F943333-1B8B-4111-97DE-72FB9135296C}.Release_Win32|Win32.Build.0 = Release_Win32
		{1F943333-1B8B-4111-97DE-72FB9135296C}.Release_Win32|Windows Mobile 5.0 Pocket PC SDK (ARMV4I).ActiveCfg = Release_Win32
		{1F943333-1B8B-4111-97DE-72FB9135296C}.Release_Win32|Windows Mobile 6 Standard SDK (ARMV4I).ActiveCfg = Release_Win32
		{1F943333-1B8B-4111-97DE-72FB9135296C}.Release_Win32|Windows Mobile 6 Standard SDK (ARMV4I).Build.0 = Release_Win32
		{1F943333-1B8B-4111-97DE-72FB9135296C}.Release_WM|Mixed Platforms.ActiveCfg = Release_WM
		{1F943333-1B8B-4111-97DE-72FB9135296C}.Release_WM|Mixed Platforms.Build.0 = Release_WM
		{1F943333-1B8B-4111-97DE-72FB9135296C}.Release_WM|Win32.ActiveCfg = Release_WM6Standard
		{1F943333-1B8B-4111-97DE-72FB9135296C}.Release_WM|Win32.Build.0 = Release_WM6Standard
		{1F943333-1B8B-4111-97DE-72FB9135296C}.Release_WM|Windows Mobile 5.0 Pocket PC SDK (ARMV4I).ActiveCfg = Release_WM6Standard
		{1F943333-1B8B-4111-97DE-72FB9135296C}.Release_WM|Windows Mobile 5.0 Pocket PC SDK (ARMV4I).Build.0 = Release_WM6Standard
		{1F943333-1B8B-4111-97DE-72FB9135296C}.Release_WM|Windows Mobile 6 Standard SDK (ARMV4I).ActiveCfg = Release_WM
		{1F943333-1B8B-4111-97DE-72FB9135296C}.Release_WM|Windows Mobile 6 Standard SDK (ARMV4I).Build.0 = Release_WM
		{1F943333-1B8B-4111-97DE-72FB9135296C}.Release_WM6Standard|Mixed Platforms.ActiveCfg = Release_WM6Standard
		{1F943333-1B8B-4111-97DE-72FB9135296C}.Release_WM6Standard|Mixed Platforms.Build.0 = Release_WM6Standard
		{1F943333-1B8B-4111-97DE-72FB9135296C}.Release_WM6Standard|Win32.ActiveCfg = Release_WM6Standard
		{1F943333-1B8B-4111-97DE-72FB9135296C}.Release_WM6Standard|Win32.Build.0 = Release_WM6Standard
		{1F943333-1B8B-4111-97DE-72FB9135296C}.Release_WM6Standard|Windows Mobile 5.0 Pocket PC SDK (ARMV4I).ActiveCfg = Release_WM6Standard
		{1F943333-1B8B-4111-97DE-72FB9135296C}.Release_WM6Standard|Windows Mobile 5.0 Pocket PC SDK (ARMV4I).Build.0 = Release_WM6Standard
		{1F943333-1B8B-4111-97DE-72FB9135296C}.Release_WM6Standard|Windows Mobile 6 Standard SDK (ARMV4I).ActiveCfg = Release_WM6Standard
		{1F943333-1B8B-4111-97DE-72FB9135296C}.Release|Mixed Platforms.ActiveCfg = Release_Win32
		{1F943333-1B8B-4111-97DE-72FB9135296C}.Release|Mixed Platforms.Build.0 = Release_Win32
		{1F943333-1B8B-4111-97DE-72FB9135296C}.Release|Win32.ActiveCfg = Release_Win32
		{1F943333-1B8B-4111-97DE-72FB9135296C}.Release|Win32.Build.0 = Release_Win32
		{1F943333-1B8B-4111-97DE-72FB9135296C}.Release|Windows Mobile 5.0 Pocket PC SDK (ARMV4I).ActiveCfg = Release_Win32
		{1F943333-1B8B-4111-97DE-72FB9135296C}.Release|Windows Mobile 5.0 Pocket PC SDK (ARMV4I).Build.0 = Release_Win32
		{1F943333-1B8B-4111-97DE-72FB9135296C}.Release|Windows Mobile 6 Standard SDK (ARMV4I).ActiveCfg = Release_Win32
		{1F943333-1B8B-4111-97DE-72FB9135296C}.Release|Windows Mobile 6 Standard SDK (ARMV4I).Build.0 = Release_Win32
		{EBEE77FF-E4F1-47F3-9CD5-C0F0D0135B3E}.Debug_Win32|Mixed Platforms.ActiveCfg = Debug|Win32
		{EBEE77FF-E4F1-47F3-9CD5-C0F0D0135B3E}.Debug_Win32|Mixed Platforms.Build.0 = Debug|Win32
		{EBEE77FF-E4F1-47F3-9CD5-C0F0D0135B3E}.Debug_Win32|Win32.ActiveCfg = Debug|Win32
		{EBEE77FF-E4F1-47F3-9CD5-C0F0D0135B3E}.Debug_Win32|Win32.Build.0 = Debug|Win32
		{EBEE77FF-E4F1-47F3-9CD5-C0F0D0135B3E}.Debug_Win32|Windows Mobile 5.0 Pocket PC SDK (ARMV4I).ActiveCfg = Debug|Win32
		{EBEE77FF-E4F1-47F3-9CD5-C0F0D0135B3E}.Debug_Win32|Windows Mobile 6 Standard SDK (ARMV4I).ActiveCfg = Debug|Win32
		{EBEE77FF-E4F1-47F3-9CD5-C0F0D0135B3E}.Debug_WM|Mixed Platforms.ActiveCfg = Debug|Win32
		{EBEE77FF-E4F1-47F3-9CD5-C0F0D0135B3E}.Debug_WM|Win32.ActiveCfg = Release|Win32
		{EBEE77FF-E4F1-47F3-9CD5-C0F0D0135B3E}.Debug_WM|Win32.Build.0 = Release|Win32
		{EBEE77FF-E4F1-47F3-9CD5-C0F0D0135B3E}.Debug_WM|Windows Mobile 5.0 Pocket PC SDK (ARMV4I).ActiveCfg = Debug|Win32
		{EBEE77FF-E4F1-47F3-9CD5-C0F0D0135B3E}.Debug_WM|Windows Mobile 6 Standard SDK (ARMV4I).ActiveCfg = Debug|Win32
		{EBEE77FF-E4F1-47F3-9CD5-C0F0D0135B3E}.Debug_WM6Standard|Mixed Platforms.ActiveCfg = Release|Win32
		{EBEE77FF-E4F1-47F3-9CD5-C0F0D0135B3E}.Debug_WM6Standard|Win32.ActiveCfg = Debug|Win32
		{EBEE77FF-E4F1-47F3-9CD5-C0F0D0135B3E}.Debug_WM6Standard|Win32.Build.0 = Debug|Win32
		{EBEE77FF-E4F1-47F3-9CD5-C0F0D0135B3E}.Debug_WM6Standard|Windows Mobile 5.0 Pocket PC SDK (ARMV4I).ActiveCfg = Debug|Win32
		{EBEE77FF-E4F1-47F3-9CD5-C0F0D0135B3E}.Debug_WM6Standard|Windows Mobile 6 Standard SDK (ARMV4I).ActiveCfg = Debug|Win32
		{EBEE77FF-E4F1-47F3-9CD5-C0F0D0135B3E}.Debug|Mixed Platforms.ActiveCfg = Debug|Win32
		{EBEE77FF-E4F1-47F3-9CD5-C0F0D0135B3E}.Debug|Mixed Platforms.Build.0 = Debug|Win32
		{EBEE77FF-E4F1-47F3-9CD5-C0F0D0135B3E}.Debug|Win32.ActiveCfg = Debug|Win32
		{EBEE77FF-E4F1-47F3-9CD5-C0F0D0135B3E}.Debug|Win32.Build.0 = Debug|Win32
		{EBEE77FF-E4F1-47F3-9CD5-C0F0D0135B3E}.Debug|Windows Mobile 5.0 Pocket PC SDK (ARMV4I).ActiveCfg = Debug|Win32
		{EBEE77FF-E4F1-47F3-9CD5-C0F0D0135B3E}.Debug|Windows Mobile 6 Standard SDK (ARMV4I).ActiveCfg = Debug|Win32
		{EBEE77FF-E4F1-47F3-9CD5-C0F0D0135B3E}.Release_MZ3Only|Mixed Platforms.ActiveCfg = Release|Win32
		{EBEE77FF-E4F1-47F3-9CD5-C0F0D0135B3E}.Release_MZ3Only|Win32.ActiveCfg = Release|Win32
		{EBEE77FF-E4F1-47F3-9CD5-C0F0D0135B3E}.Release_MZ3Only|Win32.Build.0 = Release|Win32
		{EBEE77FF-E4F1-47F3-9CD5-C0F0D0135B3E}.Release_MZ3Only|Windows Mobile 5.0 Pocket PC SDK (ARMV4I).ActiveCfg = Release|Win32
		{EBEE77FF-E4F1-47F3-9CD5-C0F0D0135B3E}.Release_MZ3Only|Windows Mobile 6 Standard SDK (ARMV4I).ActiveCfg = Release|Win32
		{EBEE77FF-E4F1-47F3-9CD5-C0F0D0135B3E}.Release_Win32|Mixed Platforms.ActiveCfg = Release|Win32
		{EBEE77FF-E4F1-47F3-9CD5-C0F0D0135B3E}.Release_Win32|Mixed Platforms.Build.0 = Release|Win32
		{EBEE77FF-E4F1-47F3-9CD5-C0F0D0135B3E}.Release_Win32|Win32.ActiveCfg = Release|Win32
		{EBEE77FF-E4F1-47F3-9CD5-C0F0D0135B3E}.Release_Win32|Win32.Build.0 = Release|Win32
		{EBEE77FF-E4F1-47F3-9CD5-C0F0D0135B3E}.Release_Win32|Windows Mobile 5.0 Pocket PC SDK (ARMV4I).ActiveCfg = Release|Win32
		{EBEE77FF-E4F1-47F3-9CD5-C0F0D0135B3E}.Release_Win32|Windows Mobile 6 Standard SDK (ARMV4I).ActiveCfg = Release|Win32
		{EBEE77FF-E4F1-47F3-9CD5-C0F0D0135B3E}.Release_WM|Mixed Platforms.ActiveCfg = Release|Win32
		{EBEE77FF-E4F1-47F3-9CD5-C0F0D0135B3E}.Release_WM|Mixed Platforms.Build.0 = Release|Win32
		{EBEE77FF-E4F1-47F3-9CD5-C0F0D0135B3E}.Release_WM|Win32.ActiveCfg = Release|Win32
		{EBEE77FF-E4F1-47F3-9CD5-C0F0D0135B3E}.Release_WM|Win32.Build.0 = Release|Win32
		{EBEE77FF-E4F1-47F3-9CD5-C0F0D0135B3E}.Release_WM|Windows Mobile 5.0 Pocket PC SDK (ARMV4I).ActiveCfg = Release|Win32
		{EBEE77FF-E4F1-47F3-9CD5-C0F0D0135B3E}.Release_WM|Windows Mobile 6 Standard SDK (ARMV4I).ActiveCfg = Release|Win32
		{EBEE77FF-E4F1-47F3-9CD5-C0F0D0135B3E}.Release_WM6Standard|Mixed Platforms.ActiveCfg = Release|Win32
		{EBEE77FF-E4F1-47F3-9CD5-C0F0D0135B3E}.Release_WM6Standard|Win32.ActiveCfg = Release|Win32
		{EBEE77FF-E4F1-47F3-9CD5-C0F0D0135B3E}.Release_WM6Standard|Win32.Build.0 = Release|Win32
		{EBEE77FF-E4F1-47F3-9CD5-C0F0D0135B3E}.Release_WM6Standard|Windows Mobile 5.0 Pocket PC SDK (ARMV4I).ActiveCfg = Release|Win32
		{EBEE77FF-E4F1-47F3-9CD5-C0F0D0135B3E}.Release_WM6Standard|Windows Mobile 6 Standard SDK (ARMV4I).ActiveCfg = Release|Win32
		{EBEE77FF-E4F1-47F3-9CD5-C0F0D0135B3E}.Release|Mixed Platforms.ActiveCfg = Release|Win32
		{EBEE77FF-E4F1-47F3-9CD5-C0F0D0135B3E}.Release|Mixed Platforms.Build.0 = Release|Win32
		{EBEE77FF-E4F1-47F3-9CD5-C0F0D0135B3E}.Release|Win32.ActiveCfg = Release|Win32
		{EBEE77FF-E4F1-47F3-9CD5-C0F0D0135B3E}.Release|Win32.Build.0 = Release|Win32
		{EBEE77FF-E4F1-47F3-9CD5-C0F0D0135B3E}.Release|Windows Mobile 5.0 Pocket PC SDK (ARMV4I).ActiveCfg = Release|Win32
		{EBEE77FF-E4F1-47F3-9CD5-C0F0D0135B3E}.Release|Windows Mobile 6 Standard SDK (ARMV4I).ActiveCfg = Release|Win32
		{86F1A7E9-D2B7-4E25-88A5-CF12A2BB92CE}.Debug_Win32|Mixed Platforms.ActiveCfg = Debug
		{86F1A7E9-D2B7-4E25-88A5-CF12A2BB92CE}.Debug_Win32|Win32.ActiveCfg = Debug
		{86F1A7E9-D2B7-4E25-88A5-CF12A2BB92CE}.Debug_Win32|Windows Mobile 5.0 Pocket PC SDK (ARMV4I).ActiveCfg = Debug
		{86F1A7E9-D2B7-4E25-88A5-CF12A2BB92CE}.Debug_Win32|Windows Mobile 6 Standard SDK (ARMV4I).ActiveCfg = Debug
		{86F1A7E9-D2B7-4E25-88A5-CF12A2BB92CE}.Debug_WM|Mixed Platforms.ActiveCfg = Debug
		{86F1A7E9-D2B7-4E25-88A5-CF12A2BB92CE}.Debug_WM|Win32.ActiveCfg = Debug
		{86F1A7E9-D2B7-4E25-88A5-CF12A2BB92CE}.Debug_WM|Windows Mobile 5.0 Pocket PC SDK (ARMV4I).ActiveCfg = Debug
		{86F1A7E9-D2B7-4E25-88A5-CF12A2BB92CE}.Debug_WM|Windows Mobile 6 Standard SDK (ARMV4I).ActiveCfg = Debug
		{86F1A7E9-D2B7-4E25-88A5-CF12A2BB92CE}.Debug_WM6Standard|Mixed Platforms.ActiveCfg = Debug
		{86F1A7E9-D2B7-4E25-88A5-CF12A2BB92CE}.Debug_WM6Standard|Win32.ActiveCfg = Debug
		{86F1A7E9-D2B7-4E25-88A5-CF12A2BB92CE}.Debug_WM6Standard|Windows Mobile 5.0 Pocket PC SDK (ARMV4I).ActiveCfg = Debug
		{86F1A7E9-D2B7-4E25-88A5-CF12A2BB92CE}.Debug_WM6Standard|Windows Mobile 6 Standard SDK (ARMV4I).ActiveCfg = Debug
		{86F1A7E9-D2B7-4E25-88A5-CF12A2BB92CE}.Debug|Mixed Platforms.ActiveCfg = Debug
		{86F1A7E9-D2B7-4E25-88A5-CF12A2BB92CE}.Debug|Win32.ActiveCfg = Debug
		{86F1A7E9-D2B7-4E25-88A5-CF12A2BB92CE}.Debug|Windows Mobile 5.0 Pocket PC SDK (ARMV4I).ActiveCfg = Debug
		{86F1A7E9-D2B7-4E25-88A5-CF12A2BB92CE}.Debug|Windows Mobile 6 Standard SDK (ARMV4I).ActiveCfg = Debug
		{86F1A7E9-D2B7-4E25-88A5-CF12A2BB92CE}.Release_MZ3Only|Mixed Platforms.ActiveCfg = Release
		{86F1A7E9-D2B7-4E25-88A5-CF12A2BB92CE}.Release_MZ3Only|Win32.ActiveCfg = Release
		{86F1A7E9-D2B7-4E25-88A5-CF12A2BB92CE}.Release_MZ3Only|Windows Mobile 5.0 Pocket PC SDK (ARMV4I).ActiveCfg = Release
		{86F1A7E9-D2B7-4E25-88A5-CF12A2BB92CE}.Release_MZ3Only|Windows Mobile 6 Standard SDK (ARMV4I).ActiveCfg = Release
		{86F1A7E9-D2B7-4E25-88A5-CF12A2BB92CE}.Release_Win32|Mixed Platforms.ActiveCfg = Release
		{86F1A7E9-D2B7-4E25-88A5-CF12A2BB92CE}.Release_Win32|Win32.ActiveCfg = Release
		{86F1A7E9-D2B7-4E25-88A5-CF12A2BB92CE}.Release_Win32|Windows Mobile 5.0 Pocket PC SDK (ARMV4I).ActiveCfg = Release
		{86F1A7E9-D2B7-4E25-88A5-CF12A2BB92CE}.Release_Win32|Windows Mobile 6 Standard SDK (ARMV4I).ActiveCfg = Release
		{86F1A7E9-D2B7-4E25-88A5-CF12A2BB92CE}.Release_WM|Mixed Platforms.ActiveCfg = Release
		{86F1A7E9-D2B7-4E25-88A5-CF12A2BB92CE}.Release_WM|Win32.ActiveCfg = Release
		{86F1A7E9-D2B7-4E25-88A5-CF12A2BB92CE}.Release_WM|Windows Mobile 5.0 Pocket PC SDK (ARMV4I).ActiveCfg = Release
		{86F1A7E9-D2B7-4E25-88A5-CF12A2BB92CE}.Release_WM|Windows Mobile 6 Standard SDK (ARMV4I).ActiveCfg = Release
		{86F1A7E9-D2B7-4E25-88A5-CF12A2BB92CE}.Release_WM6Standard|Mixed Platforms.ActiveCfg = Release
		{86F1A7E9-D2B7-4E25-88A5-CF12A2BB92CE}.Release_WM6Standard|Win32.ActiveCfg = Release
		{86F1A7E9-D2B7-4E25-88A5-CF12A2BB92CE}.Release_WM6Standard|Windows Mobile 5.0 Pocket PC SDK (ARMV4I).ActiveCfg = Release
		{86F1A7E9-D2B7-4E25-88A5-CF12A2BB92CE}.Release_WM6Standard|Windows Mobile 6 Standard SDK (ARMV4I).ActiveCfg = Release
		{86F1A7E9-D2B7-4E25-88A5-CF12A2BB92CE}.Release|Mixed Platforms.ActiveCfg = Release
		{86F1A7E9-D2B7-4E25-88A5-CF12A2BB92CE}.Release|Win32.ActiveCfg = Release
		{86F1A7E9-D2B7-4E25-88A5-CF12A2BB92CE}.Release|Windows Mobile 5.0 Pocket PC SDK (ARMV4I).ActiveCfg = Release
		{86F1A7E9-D2B7-4E25-88A5-CF12A2BB92CE}.Release|Windows Mobile 6 Standard SDK (ARMV4I).ActiveCfg = Release
	EndGlobalSection
	GlobalSection(SolutionProperties) = preSolution
		HideSolutionNode = FALSE
	EndGlobalSection
EndGlobal
